// !$*UTF8*$!
{
	archiveVersion = 1;
	classes = {
	};
	objectVersion = 46;
	objects = {

/* Begin PBXBuildFile section */
		2C3CCDF61AD39226007C29EF /* AppDelegate.swift in Sources */ = {isa = PBXBuildFile; fileRef = 2C3CCDF51AD39226007C29EF /* AppDelegate.swift */; };
		2C3CCDF81AD39226007C29EF /* ViewController.swift in Sources */ = {isa = PBXBuildFile; fileRef = 2C3CCDF71AD39226007C29EF /* ViewController.swift */; };
		2C3CCDFB1AD39226007C29EF /* Main.storyboard in Resources */ = {isa = PBXBuildFile; fileRef = 2C3CCDF91AD39226007C29EF /* Main.storyboard */; };
		2C3CCDFD1AD39226007C29EF /* Images.xcassets in Resources */ = {isa = PBXBuildFile; fileRef = 2C3CCDFC1AD39226007C29EF /* Images.xcassets */; };
		2C3CCE001AD39226007C29EF /* LaunchScreen.xib in Resources */ = {isa = PBXBuildFile; fileRef = 2C3CCDFE1AD39226007C29EF /* LaunchScreen.xib */; };
		2C3CCE0C1AD39226007C29EF /* LayoutChangeTests.swift in Sources */ = {isa = PBXBuildFile; fileRef = 2C3CCE0B1AD39226007C29EF /* LayoutChangeTests.swift */; };
		2C3CCE161AD39242007C29EF /* LayoutSpec.swift in Sources */ = {isa = PBXBuildFile; fileRef = 2C3CCE151AD39242007C29EF /* LayoutSpec.swift */; };
/* End PBXBuildFile section */

/* Begin PBXContainerItemProxy section */
		2C3CCE061AD39226007C29EF /* PBXContainerItemProxy */ = {
			isa = PBXContainerItemProxy;
			containerPortal = 2C3CCDE81AD39226007C29EF /* Project object */;
			proxyType = 1;
			remoteGlobalIDString = 2C3CCDEF1AD39226007C29EF;
			remoteInfo = LayoutChange;
		};
/* End PBXContainerItemProxy section */

/* Begin PBXFileReference section */
		2C3CCDF01AD39226007C29EF /* LayoutChange.app */ = {isa = PBXFileReference; explicitFileType = wrapper.application; includeInIndex = 0; path = LayoutChange.app; sourceTree = BUILT_PRODUCTS_DIR; };
		2C3CCDF41AD39226007C29EF /* Info.plist */ = {isa = PBXFileReference; lastKnownFileType = text.plist.xml; path = Info.plist; sourceTree = "<group>"; };
		2C3CCDF51AD39226007C29EF /* AppDelegate.swift */ = {isa = PBXFileReference; lastKnownFileType = sourcecode.swift; path = AppDelegate.swift; sourceTree = "<group>"; };
		2C3CCDF71AD39226007C29EF /* ViewController.swift */ = {isa = PBXFileReference; lastKnownFileType = sourcecode.swift; path = ViewController.swift; sourceTree = "<group>"; };
		2C3CCDFA1AD39226007C29EF /* Base */ = {isa = PBXFileReference; lastKnownFileType = file.storyboard; name = Base; path = Base.lproj/Main.storyboard; sourceTree = "<group>"; };
		2C3CCDFC1AD39226007C29EF /* Images.xcassets */ = {isa = PBXFileReference; lastKnownFileType = folder.assetcatalog; path = Images.xcassets; sourceTree = "<group>"; };
		2C3CCDFF1AD39226007C29EF /* Base */ = {isa = PBXFileReference; lastKnownFileType = file.xib; name = Base; path = Base.lproj/LaunchScreen.xib; sourceTree = "<group>"; };
		2C3CCE051AD39226007C29EF /* LayoutChangeTests.xctest */ = {isa = PBXFileReference; explicitFileType = wrapper.cfbundle; includeInIndex = 0; path = LayoutChangeTests.xctest; sourceTree = BUILT_PRODUCTS_DIR; };
		2C3CCE0A1AD39226007C29EF /* Info.plist */ = {isa = PBXFileReference; lastKnownFileType = text.plist.xml; path = Info.plist; sourceTree = "<group>"; };
		2C3CCE0B1AD39226007C29EF /* LayoutChangeTests.swift */ = {isa = PBXFileReference; lastKnownFileType = sourcecode.swift; path = LayoutChangeTests.swift; sourceTree = "<group>"; };
		2C3CCE151AD39242007C29EF /* LayoutSpec.swift */ = {isa = PBXFileReference; fileEncoding = 4; lastKnownFileType = sourcecode.swift; path = LayoutSpec.swift; sourceTree = "<group>"; };
/* End PBXFileReference section */

/* Begin PBXFrameworksBuildPhase section */
		2C3CCDED1AD39226007C29EF /* Frameworks */ = {
			isa = PBXFrameworksBuildPhase;
			buildActionMask = 2147483647;
			files = (
			);
			runOnlyForDeploymentPostprocessing = 0;
		};
		2C3CCE021AD39226007C29EF /* Frameworks */ = {
			isa = PBXFrameworksBuildPhase;
			buildActionMask = 2147483647;
			files = (
			);
			runOnlyForDeploymentPostprocessing = 0;
		};
/* End PBXFrameworksBuildPhase section */

/* Begin PBXGroup section */
		2C3CCDE71AD39226007C29EF = {
			isa = PBXGroup;
			children = (
				2C3CCDF21AD39226007C29EF /* LayoutChange */,
				2C3CCE081AD39226007C29EF /* LayoutChangeTests */,
				2C3CCDF11AD39226007C29EF /* Products */,
			);
			sourceTree = "<group>";
		};
		2C3CCDF11AD39226007C29EF /* Products */ = {
			isa = PBXGroup;
			children = (
				2C3CCDF01AD39226007C29EF /* LayoutChange.app */,
				2C3CCE051AD39226007C29EF /* LayoutChangeTests.xctest */,
			);
			name = Products;
			sourceTree = "<group>";
		};
		2C3CCDF21AD39226007C29EF /* LayoutChange */ = {
			isa = PBXGroup;
			children = (
				2C3CCE151AD39242007C29EF /* LayoutSpec.swift */,
				2C3CCDF51AD39226007C29EF /* AppDelegate.swift */,
				2C3CCDF71AD39226007C29EF /* ViewController.swift */,
				2C3CCDF91AD39226007C29EF /* Main.storyboard */,
				2C3CCDFC1AD39226007C29EF /* Images.xcassets */,
				2C3CCDFE1AD39226007C29EF /* LaunchScreen.xib */,
				2C3CCDF31AD39226007C29EF /* Supporting Files */,
			);
			path = LayoutChange;
			sourceTree = "<group>";
		};
		2C3CCDF31AD39226007C29EF /* Supporting Files */ = {
			isa = PBXGroup;
			children = (
				2C3CCDF41AD39226007C29EF /* Info.plist */,
			);
			name = "Supporting Files";
			sourceTree = "<group>";
		};
		2C3CCE081AD39226007C29EF /* LayoutChangeTests */ = {
			isa = PBXGroup;
			children = (
				2C3CCE0B1AD39226007C29EF /* LayoutChangeTests.swift */,
				2C3CCE091AD39226007C29EF /* Supporting Files */,
			);
			path = LayoutChangeTests;
			sourceTree = "<group>";
		};
		2C3CCE091AD39226007C29EF /* Supporting Files */ = {
			isa = PBXGroup;
			children = (
				2C3CCE0A1AD39226007C29EF /* Info.plist */,
			);
			name = "Supporting Files";
			sourceTree = "<group>";
		};
/* End PBXGroup section */

/* Begin PBXNativeTarget section */
		2C3CCDEF1AD39226007C29EF /* LayoutChange */ = {
			isa = PBXNativeTarget;
			buildConfigurationList = 2C3CCE0F1AD39226007C29EF /* Build configuration list for PBXNativeTarget "LayoutChange" */;
			buildPhases = (
				2C3CCDEC1AD39226007C29EF /* Sources */,
				2C3CCDED1AD39226007C29EF /* Frameworks */,
				2C3CCDEE1AD39226007C29EF /* Resources */,
			);
			buildRules = (
			);
			dependencies = (
			);
			name = LayoutChange;
			productName = LayoutChange;
			productReference = 2C3CCDF01AD39226007C29EF /* LayoutChange.app */;
			productType = "com.apple.product-type.application";
		};
		2C3CCE041AD39226007C29EF /* LayoutChangeTests */ = {
			isa = PBXNativeTarget;
			buildConfigurationList = 2C3CCE121AD39226007C29EF /* Build configuration list for PBXNativeTarget "LayoutChangeTests" */;
			buildPhases = (
				2C3CCE011AD39226007C29EF /* Sources */,
				2C3CCE021AD39226007C29EF /* Frameworks */,
				2C3CCE031AD39226007C29EF /* Resources */,
			);
			buildRules = (
			);
			dependencies = (
				2C3CCE071AD39226007C29EF /* PBXTargetDependency */,
			);
			name = LayoutChangeTests;
			productName = LayoutChangeTests;
			productReference = 2C3CCE051AD39226007C29EF /* LayoutChangeTests.xctest */;
			productType = "com.apple.product-type.bundle.unit-test";
		};
/* End PBXNativeTarget section */

/* Begin PBXProject section */
		2C3CCDE81AD39226007C29EF /* Project object */ = {
			isa = PBXProject;
			attributes = {
				LastUpgradeCheck = 0620;
				ORGANIZATIONNAME = "BoTai Technology";
				TargetAttributes = {
					2C3CCDEF1AD39226007C29EF = {
						CreatedOnToolsVersion = 6.2;
					};
					2C3CCE041AD39226007C29EF = {
						CreatedOnToolsVersion = 6.2;
						TestTargetID = 2C3CCDEF1AD39226007C29EF;
					};
				};
			};
			buildConfigurationList = 2C3CCDEB1AD39226007C29EF /* Build configuration list for PBXProject "LayoutChange" */;
			compatibilityVersion = "Xcode 3.2";
			developmentRegion = English;
			hasScannedForEncodings = 0;
			knownRegions = (
				en,
				Base,
			);
			mainGroup = 2C3CCDE71AD39226007C29EF;
			productRefGroup = 2C3CCDF11AD39226007C29EF /* Products */;
			projectDirPath = "";
			projectRoot = "";
			targets = (
				2C3CCDEF1AD39226007C29EF /* LayoutChange */,
				2C3CCE041AD39226007C29EF /* LayoutChangeTests */,
			);
		};
/* End PBXProject section */

/* Begin PBXResourcesBuildPhase section */
		2C3CCDEE1AD39226007C29EF /* Resources */ = {
			isa = PBXResourcesBuildPhase;
			buildActionMask = 2147483647;
			files = (
				2C3CCDFB1AD39226007C29EF /* Main.storyboard in Resources */,
				2C3CCE001AD39226007C29EF /* LaunchScreen.xib in Resources */,
				2C3CCDFD1AD39226007C29EF /* Images.xcassets in Resources */,
			);
			runOnlyForDeploymentPostprocessing = 0;
		};
		2C3CCE031AD39226007C29EF /* Resources */ = {
			isa = PBXResourcesBuildPhase;
			buildActionMask = 2147483647;
			files = (
			);
			runOnlyForDeploymentPostprocessing = 0;
		};
/* End PBXResourcesBuildPhase section */

/* Begin PBXSourcesBuildPhase section */
		2C3CCDEC1AD39226007C29EF /* Sources */ = {
			isa = PBXSourcesBuildPhase;
			buildActionMask = 2147483647;
			files = (
				2C3CCDF81AD39226007C29EF /* ViewController.swift in Sources */,
				2C3CCDF61AD39226007C29EF /* AppDelegate.swift in Sources */,
				2C3CCE161AD39242007C29EF /* LayoutSpec.swift in Sources */,
			);
			runOnlyForDeploymentPostprocessing = 0;
		};
		2C3CCE011AD39226007C29EF /* Sources */ = {
			isa = PBXSourcesBuildPhase;
			buildActionMask = 2147483647;
			files = (
				2C3CCE0C1AD39226007C29EF /* LayoutChangeTests.swift in Sources */,
			);
			runOnlyForDeploymentPostprocessing = 0;
		};
/* End PBXSourcesBuildPhase section */

/* Begin PBXTargetDependency section */
		2C3CCE071AD39226007C29EF /* PBXTargetDependency */ = {
			isa = PBXTargetDependency;
			target = 2C3CCDEF1AD39226007C29EF /* LayoutChange */;
			targetProxy = 2C3CCE061AD39226007C29EF /* PBXContainerItemProxy */;
		};
/* End PBXTargetDependency section */

/* Begin PBXVariantGroup section */
		2C3CCDF91AD39226007C29EF /* Main.storyboard */ = {
			isa = PBXVariantGroup;
			children = (
				2C3CCDFA1AD39226007C29EF /* Base */,
			);
			name = Main.storyboard;
			sourceTree = "<group>";
		};
		2C3CCDFE1AD39226007C29EF /* LaunchScreen.xib */ = {
			isa = PBXVariantGroup;
			children = (
				2C3CCDFF1AD39226007C29EF /* Base */,
			);
			name = LaunchScreen.xib;
			sourceTree = "<group>";
		};
/* End PBXVariantGroup section */

/* Begin XCBuildConfiguration section */
		2C3CCE0D1AD39226007C29EF /* Debug */ = {
			isa = XCBuildConfiguration;
			buildSettings = {
				ALWAYS_SEARCH_USER_PATHS = NO;
				CLANG_CXX_LANGUAGE_STANDARD = "gnu++0x";
				CLANG_CXX_LIBRARY = "libc++";
				CLANG_ENABLE_MODULES = YES;
				CLANG_ENABLE_OBJC_ARC = YES;
				CLANG_WARN_BOOL_CONVERSION = YES;
				CLANG_WARN_CONSTANT_CONVERSION = YES;
				CLANG_WARN_DIRECT_OBJC_ISA_USAGE = YES_ERROR;
				CLANG_WARN_EMPTY_BODY = YES;
				CLANG_WARN_ENUM_CONVERSION = YES;
				CLANG_WARN_INT_CONVERSION = YES;
				CLANG_WARN_OBJC_ROOT_CLASS = YES_ERROR;
				CLANG_WARN_UNREACHABLE_CODE = YES;
				CLANG_WARN__DUPLICATE_METHOD_MATCH = YES;
				"CODE_SIGN_IDENTITY[sdk=iphoneos*]" = "iPhone Developer";
				COPY_PHASE_STRIP = NO;
				ENABLE_STRICT_OBJC_MSGSEND = YES;
				GCC_C_LANGUAGE_STANDARD = gnu99;
				GCC_DYNAMIC_NO_PIC = NO;
				GCC_OPTIMIZATION_LEVEL = 0;
				GCC_PREPROCESSOR_DEFINITIONS = (
					"DEBUG=1",
					"$(inherited)",
				);
				GCC_SYMBOLS_PRIVATE_EXTERN = NO;
				GCC_WARN_64_TO_32_BIT_CONVERSION = YES;
				GCC_WARN_ABOUT_RETURN_TYPE = YES_ERROR;
				GCC_WARN_UNDECLARED_SELECTOR = YES;
				GCC_WARN_UNINITIALIZED_AUTOS = YES_AGGRESSIVE;
				GCC_WARN_UNUSED_FUNCTION = YES;
				GCC_WARN_UNUSED_VARIABLE = YES;
				IPHONEOS_DEPLOYMENT_TARGET = 8.2;
				MTL_ENABLE_DEBUG_INFO = YES;
				ONLY_ACTIVE_ARCH = YES;
				SDKROOT = iphoneos;
				SWIFT_OPTIMIZATION_LEVEL = "-Onone";
				TARGETED_DEVICE_FAMILY = "1,2";
			};
			name = Debug;
		};
		2C3CCE0E1AD39226007C29EF /* Release */ = {
			isa = XCBuildConfiguration;
			buildSettings = {
				ALWAYS_SEARCH_USER_PATHS = NO;
				CLANG_CXX_LANGUAGE_STANDARD = "gnu++0x";
				CLANG_CXX_LIBRARY = "libc++";
				CLANG_ENABLE_MODULES = YES;
				CLANG_ENABLE_OBJC_ARC = YES;
				CLANG_WARN_BOOL_CONVERSION = YES;
				CLANG_WARN_CONSTANT_CONVERSION = YES;
				CLANG_WARN_DIRECT_OBJC_ISA_USAGE = YES_ERROR;
				CLANG_WARN_EMPTY_BODY = YES;
				CLANG_WARN_ENUM_CONVERSION = YES;
				CLANG_WARN_INT_CONVERSION = YES;
				CLANG_WARN_OBJC_ROOT_CLASS = YES_ERROR;
				CLANG_WARN_UNREACHABLE_CODE = YES;
				CLANG_WARN__DUPLICATE_METHOD_MATCH = YES;
				"CODE_SIGN_IDENTITY[sdk=iphoneos*]" = "iPhone Developer";
				COPY_PHASE_STRIP = NO;
				ENABLE_NS_ASSERTIONS = NO;
				ENABLE_STRICT_OBJC_MSGSEND = YES;
				GCC_C_LANGUAGE_STANDARD = gnu99;
				GCC_WARN_64_TO_32_BIT_CONVERSION = YES;
				GCC_WARN_ABOUT_RETURN_TYPE = YES_ERROR;
				GCC_WARN_UNDECLARED_SELECTOR = YES;
				GCC_WARN_UNINITIALIZED_AUTOS = YES_AGGRESSIVE;
				GCC_WARN_UNUSED_FUNCTION = YES;
				GCC_WARN_UNUSED_VARIABLE = YES;
				IPHONEOS_DEPLOYMENT_TARGET = 8.2;
				MTL_ENABLE_DEBUG_INFO = NO;
				SDKROOT = iphoneos;
				TARGETED_DEVICE_FAMILY = "1,2";
				VALIDATE_PRODUCT = YES;
			};
			name = Release;
		};
		2C3CCE101AD39226007C29EF /* Debug */ = {
			isa = XCBuildConfiguration;
			buildSettings = {
				ASSETCATALOG_COMPILER_APPICON_NAME = AppIcon;
				INFOPLIST_FILE = LayoutChange/Info.plist;
				LD_RUNPATH_SEARCH_PATHS = "$(inherited) @executable_path/Frameworks";
				PRODUCT_NAME = "$(TARGET_NAME)";
			};
			name = Debug;
		};
		2C3CCE111AD39226007C29EF /* Release */ = {
			isa = XCBuildConfiguration;
			buildSettings = {
				ASSETCATALOG_COMPILER_APPICON_NAME = AppIcon;
				INFOPLIST_FILE = LayoutChange/Info.plist;
				LD_RUNPATH_SEARCH_PATHS = "$(inherited) @executable_path/Frameworks";
				PRODUCT_NAME = "$(TARGET_NAME)";
			};
			name = Release;
		};
		2C3CCE131AD39226007C29EF /* Debug */ = {
			isa = XCBuildConfiguration;
			buildSettings = {
				BUNDLE_LOADER = "$(TEST_HOST)";
				FRAMEWORK_SEARCH_PATHS = (
					"$(SDKROOT)/Developer/Library/Frameworks",
					"$(inherited)",
				);
				GCC_PREPROCESSOR_DEFINITIONS = (
					"DEBUG=1",
					"$(inherited)",
				);
				INFOPLIST_FILE = LayoutChangeTests/Info.plist;
				LD_RUNPATH_SEARCH_PATHS = "$(inherited) @executable_path/Frameworks @loader_path/Frameworks";
				PRODUCT_NAME = "$(TARGET_NAME)";
				TEST_HOST = "$(BUILT_PRODUCTS_DIR)/LayoutChange.app/LayoutChange";
			};
			name = Debug;
		};
		2C3CCE141AD39226007C29EF /* Release */ = {
			isa = XCBuildConfiguration;
			buildSettings = {
				BUNDLE_LOADER = "$(TEST_HOST)";
				FRAMEWORK_SEARCH_PATHS = (
					"$(SDKROOT)/Developer/Library/Frameworks",
					"$(inherited)",
				);
				INFOPLIST_FILE = LayoutChangeTests/Info.plist;
				LD_RUNPATH_SEARCH_PATHS = "$(inherited) @executable_path/Frameworks @loader_path/Frameworks";
				PRODUCT_NAME = "$(TARGET_NAME)";
				TEST_HOST = "$(BUILT_PRODUCTS_DIR)/LayoutChange.app/LayoutChange";
			};
			name = Release;
		};
/* End XCBuildConfiguration section */

/* Begin XCConfigurationList section */
		2C3CCDEB1AD39226007C29EF /* Build configuration list for PBXProject "LayoutChange" */ = {
			isa = XCConfigurationList;
			buildConfigurations = (
				2C3CCE0D1AD39226007C29EF /* Debug */,
				2C3CCE0E1AD39226007C29EF /* Release */,
			);
			defaultConfigurationIsVisible = 0;
			defaultConfigurationName = Release;
		};
		2C3CCE0F1AD39226007C29EF /* Build configuration list for PBXNativeTarget "LayoutChange" */ = {
			isa = XCConfigurationList;
			buildConfigurations = (
				2C3CCE101AD39226007C29EF /* Debug */,
				2C3CCE111AD39226007C29EF /* Release */,
			);
			defaultConfigurationIsVisible = 0;
		};
		2C3CCE121AD39226007C29EF /* Build configuration list for PBXNativeTarget "LayoutChangeTests" */ = {
			isa = XCConfigurationList;
			buildConfigurations = (
				2C3CCE131AD39226007C29EF /* Debug */,
				2C3CCE141AD39226007C29EF /* Release */,
			);
			defaultConfigurationIsVisible = 0;
		};
/* End XCConfigurationList section */
	};
	rootObject = 2C3CCDE81AD39226007C29EF /* Project object */;
}
