// !$*UTF8*$!
{
	archiveVersion = 1;
	classes = {
	};
	objectVersion = 46;
	objects = {

/* Begin PBXBuildFile section */
		2C3174621A1DC25A00B53F61 /* main.m in Sources */ = {isa = PBXBuildFile; fileRef = 2C3174611A1DC25A00B53F61 /* main.m */; };
		2C3174651A1DC25A00B53F61 /* AppDelegate.m in Sources */ = {isa = PBXBuildFile; fileRef = 2C3174641A1DC25A00B53F61 /* AppDelegate.m */; };
		2C31746B1A1DC25A00B53F61 /* Main.storyboard in Resources */ = {isa = PBXBuildFile; fileRef = 2C3174691A1DC25A00B53F61 /* Main.storyboard */; };
		2C31746D1A1DC25A00B53F61 /* Images.xcassets in Resources */ = {isa = PBXBuildFile; fileRef = 2C31746C1A1DC25A00B53F61 /* Images.xcassets */; };
		2C3174701A1DC25A00B53F61 /* LaunchScreen.xib in Resources */ = {isa = PBXBuildFile; fileRef = 2C31746E1A1DC25A00B53F61 /* LaunchScreen.xib */; };
		2C31747C1A1DC25A00B53F61 /* collectionViewLayoutTests.m in Sources */ = {isa = PBXBuildFile; fileRef = 2C31747B1A1DC25A00B53F61 /* collectionViewLayoutTests.m */; };
		2C3174871A1DC26700B53F61 /* LineLayout.m in Sources */ = {isa = PBXBuildFile; fileRef = 2C3174861A1DC26700B53F61 /* LineLayout.m */; };
		2C31748A1A1DC4D800B53F61 /* CollectionViewController.m in Sources */ = {isa = PBXBuildFile; fileRef = 2C3174891A1DC4D800B53F61 /* CollectionViewController.m */; };
		2C3174911A1DCBB200B53F61 /* CollectionViewCell.m in Sources */ = {isa = PBXBuildFile; fileRef = 2C31748F1A1DCBB200B53F61 /* CollectionViewCell.m */; };
		2C3174921A1DCBB200B53F61 /* CollectionViewCell.xib in Resources */ = {isa = PBXBuildFile; fileRef = 2C3174901A1DCBB200B53F61 /* CollectionViewCell.xib */; };
/* End PBXBuildFile section */

/* Begin PBXContainerItemProxy section */
		2C3174761A1DC25A00B53F61 /* PBXContainerItemProxy */ = {
			isa = PBXContainerItemProxy;
			containerPortal = 2C3174541A1DC25900B53F61 /* Project object */;
			proxyType = 1;
			remoteGlobalIDString = 2C31745B1A1DC25A00B53F61;
			remoteInfo = collectionViewLayout;
		};
/* End PBXContainerItemProxy section */

/* Begin PBXFileReference section */
		2C31745C1A1DC25A00B53F61 /* collectionViewLayout.app */ = {isa = PBXFileReference; explicitFileType = wrapper.application; includeInIndex = 0; path = collectionViewLayout.app; sourceTree = BUILT_PRODUCTS_DIR; };
		2C3174601A1DC25A00B53F61 /* Info.plist */ = {isa = PBXFileReference; lastKnownFileType = text.plist.xml; path = Info.plist; sourceTree = "<group>"; };
		2C3174611A1DC25A00B53F61 /* main.m */ = {isa = PBXFileReference; lastKnownFileType = sourcecode.c.objc; path = main.m; sourceTree = "<group>"; };
		2C3174631A1DC25A00B53F61 /* AppDelegate.h */ = {isa = PBXFileReference; lastKnownFileType = sourcecode.c.h; path = AppDelegate.h; sourceTree = "<group>"; };
		2C3174641A1DC25A00B53F61 /* AppDelegate.m */ = {isa = PBXFileReference; lastKnownFileType = sourcecode.c.objc; path = AppDelegate.m; sourceTree = "<group>"; };
		2C31746A1A1DC25A00B53F61 /* Base */ = {isa = PBXFileReference; lastKnownFileType = file.storyboard; name = Base; path = Base.lproj/Main.storyboard; sourceTree = "<group>"; };
		2C31746C1A1DC25A00B53F61 /* Images.xcassets */ = {isa = PBXFileReference; lastKnownFileType = folder.assetcatalog; path = Images.xcassets; sourceTree = "<group>"; };
		2C31746F1A1DC25A00B53F61 /* Base */ = {isa = PBXFileReference; lastKnownFileType = file.xib; name = Base; path = Base.lproj/LaunchScreen.xib; sourceTree = "<group>"; };
		2C3174751A1DC25A00B53F61 /* collectionViewLayoutTests.xctest */ = {isa = PBXFileReference; explicitFileType = wrapper.cfbundle; includeInIndex = 0; path = collectionViewLayoutTests.xctest; sourceTree = BUILT_PRODUCTS_DIR; };
		2C31747A1A1DC25A00B53F61 /* Info.plist */ = {isa = PBXFileReference; lastKnownFileType = text.plist.xml; path = Info.plist; sourceTree = "<group>"; };
		2C31747B1A1DC25A00B53F61 /* collectionViewLayoutTests.m */ = {isa = PBXFileReference; lastKnownFileType = sourcecode.c.objc; path = collectionViewLayoutTests.m; sourceTree = "<group>"; };
		2C3174851A1DC26700B53F61 /* LineLayout.h */ = {isa = PBXFileReference; fileEncoding = 4; lastKnownFileType = sourcecode.c.h; path = LineLayout.h; sourceTree = "<group>"; };
		2C3174861A1DC26700B53F61 /* LineLayout.m */ = {isa = PBXFileReference; fileEncoding = 4; lastKnownFileType = sourcecode.c.objc; path = LineLayout.m; sourceTree = "<group>"; };
		2C3174881A1DC4D800B53F61 /* CollectionViewController.h */ = {isa = PBXFileReference; fileEncoding = 4; lastKnownFileType = sourcecode.c.h; path = CollectionViewController.h; sourceTree = "<group>"; };
		2C3174891A1DC4D800B53F61 /* CollectionViewController.m */ = {isa = PBXFileReference; fileEncoding = 4; lastKnownFileType = sourcecode.c.objc; path = CollectionViewController.m; sourceTree = "<group>"; };
		2C31748E1A1DCBB200B53F61 /* CollectionViewCell.h */ = {isa = PBXFileReference; fileEncoding = 4; lastKnownFileType = sourcecode.c.h; path = CollectionViewCell.h; sourceTree = "<group>"; };
		2C31748F1A1DCBB200B53F61 /* CollectionViewCell.m */ = {isa = PBXFileReference; fileEncoding = 4; lastKnownFileType = sourcecode.c.objc; path = CollectionViewCell.m; sourceTree = "<group>"; };
		2C3174901A1DCBB200B53F61 /* CollectionViewCell.xib */ = {isa = PBXFileReference; fileEncoding = 4; lastKnownFileType = file.xib; path = CollectionViewCell.xib; sourceTree = "<group>"; };
/* End PBXFileReference section */

/* Begin PBXFrameworksBuildPhase section */
		2C3174591A1DC25A00B53F61 /* Frameworks */ = {
			isa = PBXFrameworksBuildPhase;
			buildActionMask = 2147483647;
			files = (
			);
			runOnlyForDeploymentPostprocessing = 0;
		};
		2C3174721A1DC25A00B53F61 /* Frameworks */ = {
			isa = PBXFrameworksBuildPhase;
			buildActionMask = 2147483647;
			files = (
			);
			runOnlyForDeploymentPostprocessing = 0;
		};
/* End PBXFrameworksBuildPhase section */

/* Begin PBXGroup section */
		2C3174531A1DC25900B53F61 = {
			isa = PBXGroup;
			children = (
				2C31745E1A1DC25A00B53F61 /* collectionViewLayout */,
				2C3174781A1DC25A00B53F61 /* collectionViewLayoutTests */,
				2C31745D1A1DC25A00B53F61 /* Products */,
			);
			sourceTree = "<group>";
		};
		2C31745D1A1DC25A00B53F61 /* Products */ = {
			isa = PBXGroup;
			children = (
				2C31745C1A1DC25A00B53F61 /* collectionViewLayout.app */,
				2C3174751A1DC25A00B53F61 /* collectionViewLayoutTests.xctest */,
			);
			name = Products;
			sourceTree = "<group>";
		};
		2C31745E1A1DC25A00B53F61 /* collectionViewLayout */ = {
			isa = PBXGroup;
			children = (
				2C3174851A1DC26700B53F61 /* LineLayout.h */,
				2C3174861A1DC26700B53F61 /* LineLayout.m */,
				2C3174631A1DC25A00B53F61 /* AppDelegate.h */,
				2C3174641A1DC25A00B53F61 /* AppDelegate.m */,
				2C31748E1A1DCBB200B53F61 /* CollectionViewCell.h */,
				2C31748F1A1DCBB200B53F61 /* CollectionViewCell.m */,
				2C3174901A1DCBB200B53F61 /* CollectionViewCell.xib */,
				2C3174881A1DC4D800B53F61 /* CollectionViewController.h */,
				2C3174891A1DC4D800B53F61 /* CollectionViewController.m */,
				2C3174691A1DC25A00B53F61 /* Main.storyboard */,
				2C31746C1A1DC25A00B53F61 /* Images.xcassets */,
				2C31746E1A1DC25A00B53F61 /* LaunchScreen.xib */,
				2C31745F1A1DC25A00B53F61 /* Supporting Files */,
			);
			path = collectionViewLayout;
			sourceTree = "<group>";
		};
		2C31745F1A1DC25A00B53F61 /* Supporting Files */ = {
			isa = PBXGroup;
			children = (
				2C3174601A1DC25A00B53F61 /* Info.plist */,
				2C3174611A1DC25A00B53F61 /* main.m */,
			);
			name = "Supporting Files";
			sourceTree = "<group>";
		};
		2C3174781A1DC25A00B53F61 /* collectionViewLayoutTests */ = {
			isa = PBXGroup;
			children = (
				2C31747B1A1DC25A00B53F61 /* collectionViewLayoutTests.m */,
				2C3174791A1DC25A00B53F61 /* Supporting Files */,
			);
			path = collectionViewLayoutTests;
			sourceTree = "<group>";
		};
		2C3174791A1DC25A00B53F61 /* Supporting Files */ = {
			isa = PBXGroup;
			children = (
				2C31747A1A1DC25A00B53F61 /* Info.plist */,
			);
			name = "Supporting Files";
			sourceTree = "<group>";
		};
/* End PBXGroup section */

/* Begin PBXNativeTarget section */
		2C31745B1A1DC25A00B53F61 /* collectionViewLayout */ = {
			isa = PBXNativeTarget;
			buildConfigurationList = 2C31747F1A1DC25A00B53F61 /* Build configuration list for PBXNativeTarget "collectionViewLayout" */;
			buildPhases = (
				2C3174581A1DC25A00B53F61 /* Sources */,
				2C3174591A1DC25A00B53F61 /* Frameworks */,
				2C31745A1A1DC25A00B53F61 /* Resources */,
			);
			buildRules = (
			);
			dependencies = (
			);
			name = collectionViewLayout;
			productName = collectionViewLayout;
			productReference = 2C31745C1A1DC25A00B53F61 /* collectionViewLayout.app */;
			productType = "com.apple.product-type.application";
		};
		2C3174741A1DC25A00B53F61 /* collectionViewLayoutTests */ = {
			isa = PBXNativeTarget;
			buildConfigurationList = 2C3174821A1DC25A00B53F61 /* Build configuration list for PBXNativeTarget "collectionViewLayoutTests" */;
			buildPhases = (
				2C3174711A1DC25A00B53F61 /* Sources */,
				2C3174721A1DC25A00B53F61 /* Frameworks */,
				2C3174731A1DC25A00B53F61 /* Resources */,
			);
			buildRules = (
			);
			dependencies = (
				2C3174771A1DC25A00B53F61 /* PBXTargetDependency */,
			);
			name = collectionViewLayoutTests;
			productName = collectionViewLayoutTests;
			productReference = 2C3174751A1DC25A00B53F61 /* collectionViewLayoutTests.xctest */;
			productType = "com.apple.product-type.bundle.unit-test";
		};
/* End PBXNativeTarget section */

/* Begin PBXProject section */
		2C3174541A1DC25900B53F61 /* Project object */ = {
			isa = PBXProject;
			attributes = {
				LastUpgradeCheck = 0610;
				ORGANIZATIONNAME = Emiaostein;
				TargetAttributes = {
					2C31745B1A1DC25A00B53F61 = {
						CreatedOnToolsVersion = 6.1;
					};
					2C3174741A1DC25A00B53F61 = {
						CreatedOnToolsVersion = 6.1;
						TestTargetID = 2C31745B1A1DC25A00B53F61;
					};
				};
			};
			buildConfigurationList = 2C3174571A1DC25900B53F61 /* Build configuration list for PBXProject "collectionViewLayout" */;
			compatibilityVersion = "Xcode 3.2";
			developmentRegion = English;
			hasScannedForEncodings = 0;
			knownRegions = (
				en,
				Base,
			);
			mainGroup = 2C3174531A1DC25900B53F61;
			productRefGroup = 2C31745D1A1DC25A00B53F61 /* Products */;
			projectDirPath = "";
			projectRoot = "";
			targets = (
				2C31745B1A1DC25A00B53F61 /* collectionViewLayout */,
				2C3174741A1DC25A00B53F61 /* collectionViewLayoutTests */,
			);
		};
/* End PBXProject section */

/* Begin PBXResourcesBuildPhase section */
		2C31745A1A1DC25A00B53F61 /* Resources */ = {
			isa = PBXResourcesBuildPhase;
			buildActionMask = 2147483647;
			files = (
				2C31746B1A1DC25A00B53F61 /* Main.storyboard in Resources */,
				2C3174701A1DC25A00B53F61 /* LaunchScreen.xib in Resources */,
				2C3174921A1DCBB200B53F61 /* CollectionViewCell.xib in Resources */,
				2C31746D1A1DC25A00B53F61 /* Images.xcassets in Resources */,
			);
			runOnlyForDeploymentPostprocessing = 0;
		};
		2C3174731A1DC25A00B53F61 /* Resources */ = {
			isa = PBXResourcesBuildPhase;
			buildActionMask = 2147483647;
			files = (
			);
			runOnlyForDeploymentPostprocessing = 0;
		};
/* End PBXResourcesBuildPhase section */

/* Begin PBXSourcesBuildPhase section */
		2C3174581A1DC25A00B53F61 /* Sources */ = {
			isa = PBXSourcesBuildPhase;
			buildActionMask = 2147483647;
			files = (
				2C3174911A1DCBB200B53F61 /* CollectionViewCell.m in Sources */,
				2C3174871A1DC26700B53F61 /* LineLayout.m in Sources */,
				2C3174651A1DC25A00B53F61 /* AppDelegate.m in Sources */,
				2C31748A1A1DC4D800B53F61 /* CollectionViewController.m in Sources */,
				2C3174621A1DC25A00B53F61 /* main.m in Sources */,
			);
			runOnlyForDeploymentPostprocessing = 0;
		};
		2C3174711A1DC25A00B53F61 /* Sources */ = {
			isa = PBXSourcesBuildPhase;
			buildActionMask = 2147483647;
			files = (
				2C31747C1A1DC25A00B53F61 /* collectionViewLayoutTests.m in Sources */,
			);
			runOnlyForDeploymentPostprocessing = 0;
		};
/* End PBXSourcesBuildPhase section */

/* Begin PBXTargetDependency section */
		2C3174771A1DC25A00B53F61 /* PBXTargetDependency */ = {
			isa = PBXTargetDependency;
			target = 2C31745B1A1DC25A00B53F61 /* collectionViewLayout */;
			targetProxy = 2C3174761A1DC25A00B53F61 /* PBXContainerItemProxy */;
		};
/* End PBXTargetDependency section */

/* Begin PBXVariantGroup section */
		2C3174691A1DC25A00B53F61 /* Main.storyboard */ = {
			isa = PBXVariantGroup;
			children = (
				2C31746A1A1DC25A00B53F61 /* Base */,
			);
			name = Main.storyboard;
			sourceTree = "<group>";
		};
		2C31746E1A1DC25A00B53F61 /* LaunchScreen.xib */ = {
			isa = PBXVariantGroup;
			children = (
				2C31746F1A1DC25A00B53F61 /* Base */,
			);
			name = LaunchScreen.xib;
			sourceTree = "<group>";
		};
/* End PBXVariantGroup section */

/* Begin XCBuildConfiguration section */
		2C31747D1A1DC25A00B53F61 /* Debug */ = {
			isa = XCBuildConfiguration;
			buildSettings = {
				ALWAYS_SEARCH_USER_PATHS = NO;
				CLANG_CXX_LANGUAGE_STANDARD = "gnu++0x";
				CLANG_CXX_LIBRARY = "libc++";
				CLANG_ENABLE_MODULES = YES;
				CLANG_ENABLE_OBJC_ARC = YES;
				CLANG_WARN_BOOL_CONVERSION = YES;
				CLANG_WARN_CONSTANT_CONVERSION = YES;
				CLANG_WARN_DIRECT_OBJC_ISA_USAGE = YES_ERROR;
				CLANG_WARN_EMPTY_BODY = YES;
				CLANG_WARN_ENUM_CONVERSION = YES;
				CLANG_WARN_INT_CONVERSION = YES;
				CLANG_WARN_OBJC_ROOT_CLASS = YES_ERROR;
				CLANG_WARN_UNREACHABLE_CODE = YES;
				CLANG_WARN__DUPLICATE_METHOD_MATCH = YES;
				"CODE_SIGN_IDENTITY[sdk=iphoneos*]" = "iPhone Developer";
				COPY_PHASE_STRIP = NO;
				ENABLE_STRICT_OBJC_MSGSEND = YES;
				GCC_C_LANGUAGE_STANDARD = gnu99;
				GCC_DYNAMIC_NO_PIC = NO;
				GCC_OPTIMIZATION_LEVEL = 0;
				GCC_PREPROCESSOR_DEFINITIONS = (
					"DEBUG=1",
					"$(inherited)",
				);
				GCC_SYMBOLS_PRIVATE_EXTERN = NO;
				GCC_WARN_64_TO_32_BIT_CONVERSION = YES;
				GCC_WARN_ABOUT_RETURN_TYPE = YES_ERROR;
				GCC_WARN_UNDECLARED_SELECTOR = YES;
				GCC_WARN_UNINITIALIZED_AUTOS = YES_AGGRESSIVE;
				GCC_WARN_UNUSED_FUNCTION = YES;
				GCC_WARN_UNUSED_VARIABLE = YES;
				IPHONEOS_DEPLOYMENT_TARGET = 8.1;
				MTL_ENABLE_DEBUG_INFO = YES;
				ONLY_ACTIVE_ARCH = YES;
				SDKROOT = iphoneos;
				TARGETED_DEVICE_FAMILY = "1,2";
			};
			name = Debug;
		};
		2C31747E1A1DC25A00B53F61 /* Release */ = {
			isa = XCBuildConfiguration;
			buildSettings = {
				ALWAYS_SEARCH_USER_PATHS = NO;
				CLANG_CXX_LANGUAGE_STANDARD = "gnu++0x";
				CLANG_CXX_LIBRARY = "libc++";
				CLANG_ENABLE_MODULES = YES;
				CLANG_ENABLE_OBJC_ARC = YES;
				CLANG_WARN_BOOL_CONVERSION = YES;
				CLANG_WARN_CONSTANT_CONVERSION = YES;
				CLANG_WARN_DIRECT_OBJC_ISA_USAGE = YES_ERROR;
				CLANG_WARN_EMPTY_BODY = YES;
				CLANG_WARN_ENUM_CONVERSION = YES;
				CLANG_WARN_INT_CONVERSION = YES;
				CLANG_WARN_OBJC_ROOT_CLASS = YES_ERROR;
				CLANG_WARN_UNREACHABLE_CODE = YES;
				CLANG_WARN__DUPLICATE_METHOD_MATCH = YES;
				"CODE_SIGN_IDENTITY[sdk=iphoneos*]" = "iPhone Developer";
				COPY_PHASE_STRIP = YES;
				ENABLE_NS_ASSERTIONS = NO;
				ENABLE_STRICT_OBJC_MSGSEND = YES;
				GCC_C_LANGUAGE_STANDARD = gnu99;
				GCC_WARN_64_TO_32_BIT_CONVERSION = YES;
				GCC_WARN_ABOUT_RETURN_TYPE = YES_ERROR;
				GCC_WARN_UNDECLARED_SELECTOR = YES;
				GCC_WARN_UNINITIALIZED_AUTOS = YES_AGGRESSIVE;
				GCC_WARN_UNUSED_FUNCTION = YES;
				GCC_WARN_UNUSED_VARIABLE = YES;
				IPHONEOS_DEPLOYMENT_TARGET = 8.1;
				MTL_ENABLE_DEBUG_INFO = NO;
				SDKROOT = iphoneos;
				TARGETED_DEVICE_FAMILY = "1,2";
				VALIDATE_PRODUCT = YES;
			};
			name = Release;
		};
		2C3174801A1DC25A00B53F61 /* Debug */ = {
			isa = XCBuildConfiguration;
			buildSettings = {
				ASSETCATALOG_COMPILER_APPICON_NAME = AppIcon;
				CODE_SIGN_IDENTITY = "iPhone Developer: yongle sun (E94H5X2UL6)";
				INFOPLIST_FILE = collectionViewLayout/Info.plist;
				LD_RUNPATH_SEARCH_PATHS = "$(inherited) @executable_path/Frameworks";
				PRODUCT_NAME = "$(TARGET_NAME)";
				PROVISIONING_PROFILE = "0302978a-0a0c-414f-819c-49719a9ff45c";
			};
			name = Debug;
		};
		2C3174811A1DC25A00B53F61 /* Release */ = {
			isa = XCBuildConfiguration;
			buildSettings = {
				ASSETCATALOG_COMPILER_APPICON_NAME = AppIcon;
				CODE_SIGN_IDENTITY = "iPhone Developer: yongle sun (E94H5X2UL6)";
				INFOPLIST_FILE = collectionViewLayout/Info.plist;
				LD_RUNPATH_SEARCH_PATHS = "$(inherited) @executable_path/Frameworks";
				PRODUCT_NAME = "$(TARGET_NAME)";
				PROVISIONING_PROFILE = "0302978a-0a0c-414f-819c-49719a9ff45c";
			};
			name = Release;
		};
		2C3174831A1DC25A00B53F61 /* Debug */ = {
			isa = XCBuildConfiguration;
			buildSettings = {
				BUNDLE_LOADER = "$(TEST_HOST)";
				FRAMEWORK_SEARCH_PATHS = (
					"$(SDKROOT)/Developer/Library/Frameworks",
					"$(inherited)",
				);
				GCC_PREPROCESSOR_DEFINITIONS = (
					"DEBUG=1",
					"$(inherited)",
				);
				INFOPLIST_FILE = collectionViewLayoutTests/Info.plist;
				LD_RUNPATH_SEARCH_PATHS = "$(inherited) @executable_path/Frameworks @loader_path/Frameworks";
				PRODUCT_NAME = "$(TARGET_NAME)";
				TEST_HOST = "$(BUILT_PRODUCTS_DIR)/collectionViewLayout.app/collectionViewLayout";
			};
			name = Debug;
		};
		2C3174841A1DC25A00B53F61 /* Release */ = {
			isa = XCBuildConfiguration;
			buildSettings = {
				BUNDLE_LOADER = "$(TEST_HOST)";
				FRAMEWORK_SEARCH_PATHS = (
					"$(SDKROOT)/Developer/Library/Frameworks",
					"$(inherited)",
				);
				INFOPLIST_FILE = collectionViewLayoutTests/Info.plist;
				LD_RUNPATH_SEARCH_PATHS = "$(inherited) @executable_path/Frameworks @loader_path/Frameworks";
				PRODUCT_NAME = "$(TARGET_NAME)";
				TEST_HOST = "$(BUILT_PRODUCTS_DIR)/collectionViewLayout.app/collectionViewLayout";
			};
			name = Release;
		};
/* End XCBuildConfiguration section */

/* Begin XCConfigurationList section */
		2C3174571A1DC25900B53F61 /* Build configuration list for PBXProject "collectionViewLayout" */ = {
			isa = XCConfigurationList;
			buildConfigurations = (
				2C31747D1A1DC25A00B53F61 /* Debug */,
				2C31747E1A1DC25A00B53F61 /* Release */,
			);
			defaultConfigurationIsVisible = 0;
			defaultConfigurationName = Release;
		};
		2C31747F1A1DC25A00B53F61 /* Build configuration list for PBXNativeTarget "collectionViewLayout" */ = {
			isa = XCConfigurationList;
			buildConfigurations = (
				2C3174801A1DC25A00B53F61 /* Debug */,
				2C3174811A1DC25A00B53F61 /* Release */,
			);
			defaultConfigurationIsVisible = 0;
			defaultConfigurationName = Release;
		};
		2C3174821A1DC25A00B53F61 /* Build configuration list for PBXNativeTarget "collectionViewLayoutTests" */ = {
			isa = XCConfigurationList;
			buildConfigurations = (
				2C3174831A1DC25A00B53F61 /* Debug */,
				2C3174841A1DC25A00B53F61 /* Release */,
			);
			defaultConfigurationIsVisible = 0;
			defaultConfigurationName = Release;
		};
/* End XCConfigurationList section */
	};
	rootObject = 2C3174541A1DC25900B53F61 /* Project object */;
}
