// !$*UTF8*$!
{
	archiveVersion = 1;
	classes = {
	};
	objectVersion = 46;
	objects = {

/* Begin PBXBuildFile section */
		2C2B2AA31AD76B8100C3E580 /* AppDelegate.swift in Sources */ = {isa = PBXBuildFile; fileRef = 2C2B2AA21AD76B8100C3E580 /* AppDelegate.swift */; };
		2C2B2AA51AD76B8100C3E580 /* ViewController.swift in Sources */ = {isa = PBXBuildFile; fileRef = 2C2B2AA41AD76B8100C3E580 /* ViewController.swift */; };
		2C2B2AA81AD76B8100C3E580 /* Main.storyboard in Resources */ = {isa = PBXBuildFile; fileRef = 2C2B2AA61AD76B8100C3E580 /* Main.storyboard */; };
		2C2B2AAA1AD76B8100C3E580 /* Images.xcassets in Resources */ = {isa = PBXBuildFile; fileRef = 2C2B2AA91AD76B8100C3E580 /* Images.xcassets */; };
		2C2B2AAD1AD76B8100C3E580 /* LaunchScreen.xib in Resources */ = {isa = PBXBuildFile; fileRef = 2C2B2AAB1AD76B8100C3E580 /* LaunchScreen.xib */; };
		2C2B2AB91AD76B8100C3E580 /* EditResponderTests.swift in Sources */ = {isa = PBXBuildFile; fileRef = 2C2B2AB81AD76B8100C3E580 /* EditResponderTests.swift */; };
		2C2B2AC51AD7816700C3E580 /* MaskProxyView.swift in Sources */ = {isa = PBXBuildFile; fileRef = 2C2B2AC41AD7816700C3E580 /* MaskProxyView.swift */; };
		2CFC149E1AD8A5F100B505F5 /* DataCreator.swift in Sources */ = {isa = PBXBuildFile; fileRef = 2CFC149D1AD8A5F100B505F5 /* DataCreator.swift */; };
		2CFC14A41AD8AA5300B505F5 /* ComponentView.swift in Sources */ = {isa = PBXBuildFile; fileRef = 2CFC14A31AD8AA5300B505F5 /* ComponentView.swift */; };
		2CFC14A61AD8AB4600B505F5 /* Models.swift in Sources */ = {isa = PBXBuildFile; fileRef = 2CFC14A51AD8AB4600B505F5 /* Models.swift */; };
		2CFC14A81AD8AB7600B505F5 /* ViewModels.swift in Sources */ = {isa = PBXBuildFile; fileRef = 2CFC14A71AD8AB7600B505F5 /* ViewModels.swift */; };
		2CFC14AA1AD8ABF500B505F5 /* ViewModelProtocol.swift in Sources */ = {isa = PBXBuildFile; fileRef = 2CFC14A91AD8ABF500B505F5 /* ViewModelProtocol.swift */; };
/* End PBXBuildFile section */

/* Begin PBXContainerItemProxy section */
		2C2B2AB31AD76B8100C3E580 /* PBXContainerItemProxy */ = {
			isa = PBXContainerItemProxy;
			containerPortal = 2C2B2A951AD76B8100C3E580 /* Project object */;
			proxyType = 1;
			remoteGlobalIDString = 2C2B2A9C1AD76B8100C3E580;
			remoteInfo = EditResponder;
		};
/* End PBXContainerItemProxy section */

/* Begin PBXFileReference section */
		2C2B2A9D1AD76B8100C3E580 /* EditResponder.app */ = {isa = PBXFileReference; explicitFileType = wrapper.application; includeInIndex = 0; path = EditResponder.app; sourceTree = BUILT_PRODUCTS_DIR; };
		2C2B2AA11AD76B8100C3E580 /* Info.plist */ = {isa = PBXFileReference; lastKnownFileType = text.plist.xml; path = Info.plist; sourceTree = "<group>"; };
		2C2B2AA21AD76B8100C3E580 /* AppDelegate.swift */ = {isa = PBXFileReference; lastKnownFileType = sourcecode.swift; path = AppDelegate.swift; sourceTree = "<group>"; };
		2C2B2AA41AD76B8100C3E580 /* ViewController.swift */ = {isa = PBXFileReference; lastKnownFileType = sourcecode.swift; path = ViewController.swift; sourceTree = "<group>"; };
		2C2B2AA71AD76B8100C3E580 /* Base */ = {isa = PBXFileReference; lastKnownFileType = file.storyboard; name = Base; path = Base.lproj/Main.storyboard; sourceTree = "<group>"; };
		2C2B2AA91AD76B8100C3E580 /* Images.xcassets */ = {isa = PBXFileReference; lastKnownFileType = folder.assetcatalog; path = Images.xcassets; sourceTree = "<group>"; };
		2C2B2AAC1AD76B8100C3E580 /* Base */ = {isa = PBXFileReference; lastKnownFileType = file.xib; name = Base; path = Base.lproj/LaunchScreen.xib; sourceTree = "<group>"; };
		2C2B2AB21AD76B8100C3E580 /* EditResponderTests.xctest */ = {isa = PBXFileReference; explicitFileType = wrapper.cfbundle; includeInIndex = 0; path = EditResponderTests.xctest; sourceTree = BUILT_PRODUCTS_DIR; };
		2C2B2AB71AD76B8100C3E580 /* Info.plist */ = {isa = PBXFileReference; lastKnownFileType = text.plist.xml; path = Info.plist; sourceTree = "<group>"; };
		2C2B2AB81AD76B8100C3E580 /* EditResponderTests.swift */ = {isa = PBXFileReference; lastKnownFileType = sourcecode.swift; path = EditResponderTests.swift; sourceTree = "<group>"; };
		2C2B2AC41AD7816700C3E580 /* MaskProxyView.swift */ = {isa = PBXFileReference; fileEncoding = 4; lastKnownFileType = sourcecode.swift; path = MaskProxyView.swift; sourceTree = "<group>"; };
		2CFC149D1AD8A5F100B505F5 /* DataCreator.swift */ = {isa = PBXFileReference; fileEncoding = 4; lastKnownFileType = sourcecode.swift; path = DataCreator.swift; sourceTree = "<group>"; };
		2CFC14A31AD8AA5300B505F5 /* ComponentView.swift */ = {isa = PBXFileReference; fileEncoding = 4; lastKnownFileType = sourcecode.swift; path = ComponentView.swift; sourceTree = "<group>"; };
		2CFC14A51AD8AB4600B505F5 /* Models.swift */ = {isa = PBXFileReference; fileEncoding = 4; lastKnownFileType = sourcecode.swift; path = Models.swift; sourceTree = "<group>"; };
		2CFC14A71AD8AB7600B505F5 /* ViewModels.swift */ = {isa = PBXFileReference; fileEncoding = 4; lastKnownFileType = sourcecode.swift; path = ViewModels.swift; sourceTree = "<group>"; };
		2CFC14A91AD8ABF500B505F5 /* ViewModelProtocol.swift */ = {isa = PBXFileReference; fileEncoding = 4; lastKnownFileType = sourcecode.swift; path = ViewModelProtocol.swift; sourceTree = "<group>"; };
/* End PBXFileReference section */

/* Begin PBXFrameworksBuildPhase section */
		2C2B2A9A1AD76B8100C3E580 /* Frameworks */ = {
			isa = PBXFrameworksBuildPhase;
			buildActionMask = 2147483647;
			files = (
			);
			runOnlyForDeploymentPostprocessing = 0;
		};
		2C2B2AAF1AD76B8100C3E580 /* Frameworks */ = {
			isa = PBXFrameworksBuildPhase;
			buildActionMask = 2147483647;
			files = (
			);
			runOnlyForDeploymentPostprocessing = 0;
		};
/* End PBXFrameworksBuildPhase section */

/* Begin PBXGroup section */
		2C2B2A941AD76B8100C3E580 = {
			isa = PBXGroup;
			children = (
				2C2B2A9F1AD76B8100C3E580 /* EditResponder */,
				2C2B2AB51AD76B8100C3E580 /* EditResponderTests */,
				2C2B2A9E1AD76B8100C3E580 /* Products */,
			);
			sourceTree = "<group>";
		};
		2C2B2A9E1AD76B8100C3E580 /* Products */ = {
			isa = PBXGroup;
			children = (
				2C2B2A9D1AD76B8100C3E580 /* EditResponder.app */,
				2C2B2AB21AD76B8100C3E580 /* EditResponderTests.xctest */,
			);
			name = Products;
			sourceTree = "<group>";
		};
		2C2B2A9F1AD76B8100C3E580 /* EditResponder */ = {
			isa = PBXGroup;
			children = (
				2CFC149D1AD8A5F100B505F5 /* DataCreator.swift */,
				2CFC14A51AD8AB4600B505F5 /* Models.swift */,
				2CFC14A71AD8AB7600B505F5 /* ViewModels.swift */,
				2CFC14A91AD8ABF500B505F5 /* ViewModelProtocol.swift */,
				2CFC14A31AD8AA5300B505F5 /* ComponentView.swift */,
				2C2B2AC41AD7816700C3E580 /* MaskProxyView.swift */,
				2CFC14981AD8A2A100B505F5 /* Mask */,
				2C2B2AA21AD76B8100C3E580 /* AppDelegate.swift */,
				2C2B2AA41AD76B8100C3E580 /* ViewController.swift */,
				2C2B2AA61AD76B8100C3E580 /* Main.storyboard */,
				2C2B2AA91AD76B8100C3E580 /* Images.xcassets */,
				2C2B2AAB1AD76B8100C3E580 /* LaunchScreen.xib */,
				2C2B2AA01AD76B8100C3E580 /* Supporting Files */,
			);
			path = EditResponder;
			sourceTree = "<group>";
		};
		2C2B2AA01AD76B8100C3E580 /* Supporting Files */ = {
			isa = PBXGroup;
			children = (
				2C2B2AA11AD76B8100C3E580 /* Info.plist */,
			);
			name = "Supporting Files";
			sourceTree = "<group>";
		};
		2C2B2AB51AD76B8100C3E580 /* EditResponderTests */ = {
			isa = PBXGroup;
			children = (
				2C2B2AB81AD76B8100C3E580 /* EditResponderTests.swift */,
				2C2B2AB61AD76B8100C3E580 /* Supporting Files */,
			);
			path = EditResponderTests;
			sourceTree = "<group>";
		};
		2C2B2AB61AD76B8100C3E580 /* Supporting Files */ = {
			isa = PBXGroup;
			children = (
				2C2B2AB71AD76B8100C3E580 /* Info.plist */,
			);
			name = "Supporting Files";
			sourceTree = "<group>";
		};
		2CFC14981AD8A2A100B505F5 /* Mask */ = {
			isa = PBXGroup;
			children = (
			);
			name = Mask;
			sourceTree = "<group>";
		};
/* End PBXGroup section */

/* Begin PBXNativeTarget section */
		2C2B2A9C1AD76B8100C3E580 /* EditResponder */ = {
			isa = PBXNativeTarget;
			buildConfigurationList = 2C2B2ABC1AD76B8100C3E580 /* Build configuration list for PBXNativeTarget "EditResponder" */;
			buildPhases = (
				2C2B2A991AD76B8100C3E580 /* Sources */,
				2C2B2A9A1AD76B8100C3E580 /* Frameworks */,
				2C2B2A9B1AD76B8100C3E580 /* Resources */,
			);
			buildRules = (
			);
			dependencies = (
			);
			name = EditResponder;
			productName = EditResponder;
			productReference = 2C2B2A9D1AD76B8100C3E580 /* EditResponder.app */;
			productType = "com.apple.product-type.application";
		};
		2C2B2AB11AD76B8100C3E580 /* EditResponderTests */ = {
			isa = PBXNativeTarget;
			buildConfigurationList = 2C2B2ABF1AD76B8100C3E580 /* Build configuration list for PBXNativeTarget "EditResponderTests" */;
			buildPhases = (
				2C2B2AAE1AD76B8100C3E580 /* Sources */,
				2C2B2AAF1AD76B8100C3E580 /* Frameworks */,
				2C2B2AB01AD76B8100C3E580 /* Resources */,
			);
			buildRules = (
			);
			dependencies = (
				2C2B2AB41AD76B8100C3E580 /* PBXTargetDependency */,
			);
			name = EditResponderTests;
			productName = EditResponderTests;
			productReference = 2C2B2AB21AD76B8100C3E580 /* EditResponderTests.xctest */;
			productType = "com.apple.product-type.bundle.unit-test";
		};
/* End PBXNativeTarget section */

/* Begin PBXProject section */
		2C2B2A951AD76B8100C3E580 /* Project object */ = {
			isa = PBXProject;
			attributes = {
				LastUpgradeCheck = 0630;
				ORGANIZATIONNAME = "BoTai Technology";
				TargetAttributes = {
					2C2B2A9C1AD76B8100C3E580 = {
						CreatedOnToolsVersion = 6.3;
					};
					2C2B2AB11AD76B8100C3E580 = {
						CreatedOnToolsVersion = 6.3;
						TestTargetID = 2C2B2A9C1AD76B8100C3E580;
					};
				};
			};
			buildConfigurationList = 2C2B2A981AD76B8100C3E580 /* Build configuration list for PBXProject "EditResponder" */;
			compatibilityVersion = "Xcode 3.2";
			developmentRegion = English;
			hasScannedForEncodings = 0;
			knownRegions = (
				en,
				Base,
			);
			mainGroup = 2C2B2A941AD76B8100C3E580;
			productRefGroup = 2C2B2A9E1AD76B8100C3E580 /* Products */;
			projectDirPath = "";
			projectRoot = "";
			targets = (
				2C2B2A9C1AD76B8100C3E580 /* EditResponder */,
				2C2B2AB11AD76B8100C3E580 /* EditResponderTests */,
			);
		};
/* End PBXProject section */

/* Begin PBXResourcesBuildPhase section */
		2C2B2A9B1AD76B8100C3E580 /* Resources */ = {
			isa = PBXResourcesBuildPhase;
			buildActionMask = 2147483647;
			files = (
				2C2B2AA81AD76B8100C3E580 /* Main.storyboard in Resources */,
				2C2B2AAD1AD76B8100C3E580 /* LaunchScreen.xib in Resources */,
				2C2B2AAA1AD76B8100C3E580 /* Images.xcassets in Resources */,
			);
			runOnlyForDeploymentPostprocessing = 0;
		};
		2C2B2AB01AD76B8100C3E580 /* Resources */ = {
			isa = PBXResourcesBuildPhase;
			buildActionMask = 2147483647;
			files = (
			);
			runOnlyForDeploymentPostprocessing = 0;
		};
/* End PBXResourcesBuildPhase section */

/* Begin PBXSourcesBuildPhase section */
		2C2B2A991AD76B8100C3E580 /* Sources */ = {
			isa = PBXSourcesBuildPhase;
			buildActionMask = 2147483647;
			files = (
				2CFC14A61AD8AB4600B505F5 /* Models.swift in Sources */,
				2C2B2AA51AD76B8100C3E580 /* ViewController.swift in Sources */,
				2C2B2AA31AD76B8100C3E580 /* AppDelegate.swift in Sources */,
				2C2B2AC51AD7816700C3E580 /* MaskProxyView.swift in Sources */,
				2CFC14A41AD8AA5300B505F5 /* ComponentView.swift in Sources */,
				2CFC14A81AD8AB7600B505F5 /* ViewModels.swift in Sources */,
				2CFC14AA1AD8ABF500B505F5 /* ViewModelProtocol.swift in Sources */,
				2CFC149E1AD8A5F100B505F5 /* DataCreator.swift in Sources */,
			);
			runOnlyForDeploymentPostprocessing = 0;
		};
		2C2B2AAE1AD76B8100C3E580 /* Sources */ = {
			isa = PBXSourcesBuildPhase;
			buildActionMask = 2147483647;
			files = (
				2C2B2AB91AD76B8100C3E580 /* EditResponderTests.swift in Sources */,
			);
			runOnlyForDeploymentPostprocessing = 0;
		};
/* End PBXSourcesBuildPhase section */

/* Begin PBXTargetDependency section */
		2C2B2AB41AD76B8100C3E580 /* PBXTargetDependency */ = {
			isa = PBXTargetDependency;
			target = 2C2B2A9C1AD76B8100C3E580 /* EditResponder */;
			targetProxy = 2C2B2AB31AD76B8100C3E580 /* PBXContainerItemProxy */;
		};
/* End PBXTargetDependency section */

/* Begin PBXVariantGroup section */
		2C2B2AA61AD76B8100C3E580 /* Main.storyboard */ = {
			isa = PBXVariantGroup;
			children = (
				2C2B2AA71AD76B8100C3E580 /* Base */,
			);
			name = Main.storyboard;
			sourceTree = "<group>";
		};
		2C2B2AAB1AD76B8100C3E580 /* LaunchScreen.xib */ = {
			isa = PBXVariantGroup;
			children = (
				2C2B2AAC1AD76B8100C3E580 /* Base */,
			);
			name = LaunchScreen.xib;
			sourceTree = "<group>";
		};
/* End PBXVariantGroup section */

/* Begin XCBuildConfiguration section */
		2C2B2ABA1AD76B8100C3E580 /* Debug */ = {
			isa = XCBuildConfiguration;
			buildSettings = {
				ALWAYS_SEARCH_USER_PATHS = NO;
				CLANG_CXX_LANGUAGE_STANDARD = "gnu++0x";
				CLANG_CXX_LIBRARY = "libc++";
				CLANG_ENABLE_MODULES = YES;
				CLANG_ENABLE_OBJC_ARC = YES;
				CLANG_WARN_BOOL_CONVERSION = YES;
				CLANG_WARN_CONSTANT_CONVERSION = YES;
				CLANG_WARN_DIRECT_OBJC_ISA_USAGE = YES_ERROR;
				CLANG_WARN_EMPTY_BODY = YES;
				CLANG_WARN_ENUM_CONVERSION = YES;
				CLANG_WARN_INT_CONVERSION = YES;
				CLANG_WARN_OBJC_ROOT_CLASS = YES_ERROR;
				CLANG_WARN_UNREACHABLE_CODE = YES;
				CLANG_WARN__DUPLICATE_METHOD_MATCH = YES;
				"CODE_SIGN_IDENTITY[sdk=iphoneos*]" = "iPhone Developer";
				COPY_PHASE_STRIP = NO;
				DEBUG_INFORMATION_FORMAT = "dwarf-with-dsym";
				ENABLE_STRICT_OBJC_MSGSEND = YES;
				GCC_C_LANGUAGE_STANDARD = gnu99;
				GCC_DYNAMIC_NO_PIC = NO;
				GCC_NO_COMMON_BLOCKS = YES;
				GCC_OPTIMIZATION_LEVEL = 0;
				GCC_PREPROCESSOR_DEFINITIONS = (
					"DEBUG=1",
					"$(inherited)",
				);
				GCC_SYMBOLS_PRIVATE_EXTERN = NO;
				GCC_WARN_64_TO_32_BIT_CONVERSION = YES;
				GCC_WARN_ABOUT_RETURN_TYPE = YES_ERROR;
				GCC_WARN_UNDECLARED_SELECTOR = YES;
				GCC_WARN_UNINITIALIZED_AUTOS = YES_AGGRESSIVE;
				GCC_WARN_UNUSED_FUNCTION = YES;
				GCC_WARN_UNUSED_VARIABLE = YES;
				IPHONEOS_DEPLOYMENT_TARGET = 8.3;
				MTL_ENABLE_DEBUG_INFO = YES;
				ONLY_ACTIVE_ARCH = YES;
				SDKROOT = iphoneos;
				SWIFT_OPTIMIZATION_LEVEL = "-Onone";
				TARGETED_DEVICE_FAMILY = "1,2";
			};
			name = Debug;
		};
		2C2B2ABB1AD76B8100C3E580 /* Release */ = {
			isa = XCBuildConfiguration;
			buildSettings = {
				ALWAYS_SEARCH_USER_PATHS = NO;
				CLANG_CXX_LANGUAGE_STANDARD = "gnu++0x";
				CLANG_CXX_LIBRARY = "libc++";
				CLANG_ENABLE_MODULES = YES;
				CLANG_ENABLE_OBJC_ARC = YES;
				CLANG_WARN_BOOL_CONVERSION = YES;
				CLANG_WARN_CONSTANT_CONVERSION = YES;
				CLANG_WARN_DIRECT_OBJC_ISA_USAGE = YES_ERROR;
				CLANG_WARN_EMPTY_BODY = YES;
				CLANG_WARN_ENUM_CONVERSION = YES;
				CLANG_WARN_INT_CONVERSION = YES;
				CLANG_WARN_OBJC_ROOT_CLASS = YES_ERROR;
				CLANG_WARN_UNREACHABLE_CODE = YES;
				CLANG_WARN__DUPLICATE_METHOD_MATCH = YES;
				"CODE_SIGN_IDENTITY[sdk=iphoneos*]" = "iPhone Developer";
				COPY_PHASE_STRIP = NO;
				DEBUG_INFORMATION_FORMAT = "dwarf-with-dsym";
				ENABLE_NS_ASSERTIONS = NO;
				ENABLE_STRICT_OBJC_MSGSEND = YES;
				GCC_C_LANGUAGE_STANDARD = gnu99;
				GCC_NO_COMMON_BLOCKS = YES;
				GCC_WARN_64_TO_32_BIT_CONVERSION = YES;
				GCC_WARN_ABOUT_RETURN_TYPE = YES_ERROR;
				GCC_WARN_UNDECLARED_SELECTOR = YES;
				GCC_WARN_UNINITIALIZED_AUTOS = YES_AGGRESSIVE;
				GCC_WARN_UNUSED_FUNCTION = YES;
				GCC_WARN_UNUSED_VARIABLE = YES;
				IPHONEOS_DEPLOYMENT_TARGET = 8.3;
				MTL_ENABLE_DEBUG_INFO = NO;
				SDKROOT = iphoneos;
				TARGETED_DEVICE_FAMILY = "1,2";
				VALIDATE_PRODUCT = YES;
			};
			name = Release;
		};
		2C2B2ABD1AD76B8100C3E580 /* Debug */ = {
			isa = XCBuildConfiguration;
			buildSettings = {
				ASSETCATALOG_COMPILER_APPICON_NAME = AppIcon;
				CODE_SIGN_IDENTITY = "iPhone Developer: ZHANG YONGQUAN (5797F57Q2L)";
				INFOPLIST_FILE = EditResponder/Info.plist;
				LD_RUNPATH_SEARCH_PATHS = "$(inherited) @executable_path/Frameworks";
				PRODUCT_NAME = "$(TARGET_NAME)";
				PROVISIONING_PROFILE = "bb4acdc6-8045-4629-92db-37fe0263bd14";
			};
			name = Debug;
		};
		2C2B2ABE1AD76B8100C3E580 /* Release */ = {
			isa = XCBuildConfiguration;
			buildSettings = {
				ASSETCATALOG_COMPILER_APPICON_NAME = AppIcon;
				CODE_SIGN_IDENTITY = "iPhone Developer: ZHANG YONGQUAN (5797F57Q2L)";
				INFOPLIST_FILE = EditResponder/Info.plist;
				LD_RUNPATH_SEARCH_PATHS = "$(inherited) @executable_path/Frameworks";
				PRODUCT_NAME = "$(TARGET_NAME)";
				PROVISIONING_PROFILE = "bb4acdc6-8045-4629-92db-37fe0263bd14";
			};
			name = Release;
		};
		2C2B2AC01AD76B8100C3E580 /* Debug */ = {
			isa = XCBuildConfiguration;
			buildSettings = {
				BUNDLE_LOADER = "$(TEST_HOST)";
				FRAMEWORK_SEARCH_PATHS = (
					"$(SDKROOT)/Developer/Library/Frameworks",
					"$(inherited)",
				);
				GCC_PREPROCESSOR_DEFINITIONS = (
					"DEBUG=1",
					"$(inherited)",
				);
				INFOPLIST_FILE = EditResponderTests/Info.plist;
				LD_RUNPATH_SEARCH_PATHS = "$(inherited) @executable_path/Frameworks @loader_path/Frameworks";
				PRODUCT_NAME = "$(TARGET_NAME)";
				TEST_HOST = "$(BUILT_PRODUCTS_DIR)/EditResponder.app/EditResponder";
			};
			name = Debug;
		};
		2C2B2AC11AD76B8100C3E580 /* Release */ = {
			isa = XCBuildConfiguration;
			buildSettings = {
				BUNDLE_LOADER = "$(TEST_HOST)";
				FRAMEWORK_SEARCH_PATHS = (
					"$(SDKROOT)/Developer/Library/Frameworks",
					"$(inherited)",
				);
				INFOPLIST_FILE = EditResponderTests/Info.plist;
				LD_RUNPATH_SEARCH_PATHS = "$(inherited) @executable_path/Frameworks @loader_path/Frameworks";
				PRODUCT_NAME = "$(TARGET_NAME)";
				TEST_HOST = "$(BUILT_PRODUCTS_DIR)/EditResponder.app/EditResponder";
			};
			name = Release;
		};
/* End XCBuildConfiguration section */

/* Begin XCConfigurationList section */
		2C2B2A981AD76B8100C3E580 /* Build configuration list for PBXProject "EditResponder" */ = {
			isa = XCConfigurationList;
			buildConfigurations = (
				2C2B2ABA1AD76B8100C3E580 /* Debug */,
				2C2B2ABB1AD76B8100C3E580 /* Release */,
			);
			defaultConfigurationIsVisible = 0;
			defaultConfigurationName = Release;
		};
		2C2B2ABC1AD76B8100C3E580 /* Build configuration list for PBXNativeTarget "EditResponder" */ = {
			isa = XCConfigurationList;
			buildConfigurations = (
				2C2B2ABD1AD76B8100C3E580 /* Debug */,
				2C2B2ABE1AD76B8100C3E580 /* Release */,
			);
			defaultConfigurationIsVisible = 0;
			defaultConfigurationName = Release;
		};
		2C2B2ABF1AD76B8100C3E580 /* Build configuration list for PBXNativeTarget "EditResponderTests" */ = {
			isa = XCConfigurationList;
			buildConfigurations = (
				2C2B2AC01AD76B8100C3E580 /* Debug */,
				2C2B2AC11AD76B8100C3E580 /* Release */,
			);
			defaultConfigurationIsVisible = 0;
			defaultConfigurationName = Release;
		};
/* End XCConfigurationList section */
	};
	rootObject = 2C2B2A951AD76B8100C3E580 /* Project object */;
}
