// !$*UTF8*$!
{
	archiveVersion = 1;
	classes = {
	};
	objectVersion = 46;
	objects = {

/* Begin PBXBuildFile section */
		2CD747E91AA6B24100CEB4EA /* AppDelegate.swift in Sources */ = {isa = PBXBuildFile; fileRef = 2CD747E81AA6B24100CEB4EA /* AppDelegate.swift */; };
		2CD747EB1AA6B24100CEB4EA /* MasterViewController.swift in Sources */ = {isa = PBXBuildFile; fileRef = 2CD747EA1AA6B24100CEB4EA /* MasterViewController.swift */; };
		2CD747ED1AA6B24100CEB4EA /* DetailViewController.swift in Sources */ = {isa = PBXBuildFile; fileRef = 2CD747EC1AA6B24100CEB4EA /* DetailViewController.swift */; };
		2CD747F01AA6B24100CEB4EA /* Main.storyboard in Resources */ = {isa = PBXBuildFile; fileRef = 2CD747EE1AA6B24100CEB4EA /* Main.storyboard */; };
		2CD747F21AA6B24100CEB4EA /* Images.xcassets in Resources */ = {isa = PBXBuildFile; fileRef = 2CD747F11AA6B24100CEB4EA /* Images.xcassets */; };
		2CD747F51AA6B24100CEB4EA /* LaunchScreen.xib in Resources */ = {isa = PBXBuildFile; fileRef = 2CD747F31AA6B24100CEB4EA /* LaunchScreen.xib */; };
		2CD748011AA6B24100CEB4EA /* screenShotDemoTests.swift in Sources */ = {isa = PBXBuildFile; fileRef = 2CD748001AA6B24100CEB4EA /* screenShotDemoTests.swift */; };
		2CD7480B1AA6B4DE00CEB4EA /* NormalScreenShotViewController.swift in Sources */ = {isa = PBXBuildFile; fileRef = 2CD7480A1AA6B4DE00CEB4EA /* NormalScreenShotViewController.swift */; };
		2CD7480E1AA6FDCC00CEB4EA /* TableSnapshotViewController.swift in Sources */ = {isa = PBXBuildFile; fileRef = 2CD7480D1AA6FDCC00CEB4EA /* TableSnapshotViewController.swift */; };
/* End PBXBuildFile section */

/* Begin PBXContainerItemProxy section */
		2CD747FB1AA6B24100CEB4EA /* PBXContainerItemProxy */ = {
			isa = PBXContainerItemProxy;
			containerPortal = 2CD747DB1AA6B24100CEB4EA /* Project object */;
			proxyType = 1;
			remoteGlobalIDString = 2CD747E21AA6B24100CEB4EA;
			remoteInfo = screenShotDemo;
		};
/* End PBXContainerItemProxy section */

/* Begin PBXFileReference section */
		2CD747E31AA6B24100CEB4EA /* screenShotDemo.app */ = {isa = PBXFileReference; explicitFileType = wrapper.application; includeInIndex = 0; path = screenShotDemo.app; sourceTree = BUILT_PRODUCTS_DIR; };
		2CD747E71AA6B24100CEB4EA /* Info.plist */ = {isa = PBXFileReference; lastKnownFileType = text.plist.xml; path = Info.plist; sourceTree = "<group>"; };
		2CD747E81AA6B24100CEB4EA /* AppDelegate.swift */ = {isa = PBXFileReference; lastKnownFileType = sourcecode.swift; path = AppDelegate.swift; sourceTree = "<group>"; };
		2CD747EA1AA6B24100CEB4EA /* MasterViewController.swift */ = {isa = PBXFileReference; lastKnownFileType = sourcecode.swift; path = MasterViewController.swift; sourceTree = "<group>"; };
		2CD747EC1AA6B24100CEB4EA /* DetailViewController.swift */ = {isa = PBXFileReference; lastKnownFileType = sourcecode.swift; path = DetailViewController.swift; sourceTree = "<group>"; };
		2CD747EF1AA6B24100CEB4EA /* Base */ = {isa = PBXFileReference; lastKnownFileType = file.storyboard; name = Base; path = Base.lproj/Main.storyboard; sourceTree = "<group>"; };
		2CD747F11AA6B24100CEB4EA /* Images.xcassets */ = {isa = PBXFileReference; lastKnownFileType = folder.assetcatalog; path = Images.xcassets; sourceTree = "<group>"; };
		2CD747F41AA6B24100CEB4EA /* Base */ = {isa = PBXFileReference; lastKnownFileType = file.xib; name = Base; path = Base.lproj/LaunchScreen.xib; sourceTree = "<group>"; };
		2CD747FA1AA6B24100CEB4EA /* screenShotDemoTests.xctest */ = {isa = PBXFileReference; explicitFileType = wrapper.cfbundle; includeInIndex = 0; path = screenShotDemoTests.xctest; sourceTree = BUILT_PRODUCTS_DIR; };
		2CD747FF1AA6B24100CEB4EA /* Info.plist */ = {isa = PBXFileReference; lastKnownFileType = text.plist.xml; path = Info.plist; sourceTree = "<group>"; };
		2CD748001AA6B24100CEB4EA /* screenShotDemoTests.swift */ = {isa = PBXFileReference; lastKnownFileType = sourcecode.swift; path = screenShotDemoTests.swift; sourceTree = "<group>"; };
		2CD7480A1AA6B4DE00CEB4EA /* NormalScreenShotViewController.swift */ = {isa = PBXFileReference; fileEncoding = 4; lastKnownFileType = sourcecode.swift; path = NormalScreenShotViewController.swift; sourceTree = "<group>"; };
		2CD7480C1AA6E67300CEB4EA /* ScreenshotProtocol.h */ = {isa = PBXFileReference; fileEncoding = 4; lastKnownFileType = sourcecode.c.h; path = ScreenshotProtocol.h; sourceTree = "<group>"; };
		2CD7480D1AA6FDCC00CEB4EA /* TableSnapshotViewController.swift */ = {isa = PBXFileReference; fileEncoding = 4; lastKnownFileType = sourcecode.swift; path = TableSnapshotViewController.swift; sourceTree = "<group>"; };
/* End PBXFileReference section */

/* Begin PBXFrameworksBuildPhase section */
		2CD747E01AA6B24100CEB4EA /* Frameworks */ = {
			isa = PBXFrameworksBuildPhase;
			buildActionMask = 2147483647;
			files = (
			);
			runOnlyForDeploymentPostprocessing = 0;
		};
		2CD747F71AA6B24100CEB4EA /* Frameworks */ = {
			isa = PBXFrameworksBuildPhase;
			buildActionMask = 2147483647;
			files = (
			);
			runOnlyForDeploymentPostprocessing = 0;
		};
/* End PBXFrameworksBuildPhase section */

/* Begin PBXGroup section */
		2CD747DA1AA6B24100CEB4EA = {
			isa = PBXGroup;
			children = (
				2CD747E51AA6B24100CEB4EA /* screenShotDemo */,
				2CD747FD1AA6B24100CEB4EA /* screenShotDemoTests */,
				2CD747E41AA6B24100CEB4EA /* Products */,
			);
			sourceTree = "<group>";
		};
		2CD747E41AA6B24100CEB4EA /* Products */ = {
			isa = PBXGroup;
			children = (
				2CD747E31AA6B24100CEB4EA /* screenShotDemo.app */,
				2CD747FA1AA6B24100CEB4EA /* screenShotDemoTests.xctest */,
			);
			name = Products;
			sourceTree = "<group>";
		};
		2CD747E51AA6B24100CEB4EA /* screenShotDemo */ = {
			isa = PBXGroup;
			children = (
				2CD747E81AA6B24100CEB4EA /* AppDelegate.swift */,
				2CD747EA1AA6B24100CEB4EA /* MasterViewController.swift */,
				2CD747EC1AA6B24100CEB4EA /* DetailViewController.swift */,
				2CD7480A1AA6B4DE00CEB4EA /* NormalScreenShotViewController.swift */,
				2CD7480D1AA6FDCC00CEB4EA /* TableSnapshotViewController.swift */,
				2CD747EE1AA6B24100CEB4EA /* Main.storyboard */,
				2CD747F11AA6B24100CEB4EA /* Images.xcassets */,
				2CD747F31AA6B24100CEB4EA /* LaunchScreen.xib */,
				2CD747E61AA6B24100CEB4EA /* Supporting Files */,
				2CD7480C1AA6E67300CEB4EA /* ScreenshotProtocol.h */,
			);
			path = screenShotDemo;
			sourceTree = "<group>";
		};
		2CD747E61AA6B24100CEB4EA /* Supporting Files */ = {
			isa = PBXGroup;
			children = (
				2CD747E71AA6B24100CEB4EA /* Info.plist */,
			);
			name = "Supporting Files";
			sourceTree = "<group>";
		};
		2CD747FD1AA6B24100CEB4EA /* screenShotDemoTests */ = {
			isa = PBXGroup;
			children = (
				2CD748001AA6B24100CEB4EA /* screenShotDemoTests.swift */,
				2CD747FE1AA6B24100CEB4EA /* Supporting Files */,
			);
			path = screenShotDemoTests;
			sourceTree = "<group>";
		};
		2CD747FE1AA6B24100CEB4EA /* Supporting Files */ = {
			isa = PBXGroup;
			children = (
				2CD747FF1AA6B24100CEB4EA /* Info.plist */,
			);
			name = "Supporting Files";
			sourceTree = "<group>";
		};
/* End PBXGroup section */

/* Begin PBXNativeTarget section */
		2CD747E21AA6B24100CEB4EA /* screenShotDemo */ = {
			isa = PBXNativeTarget;
			buildConfigurationList = 2CD748041AA6B24100CEB4EA /* Build configuration list for PBXNativeTarget "screenShotDemo" */;
			buildPhases = (
				2CD747DF1AA6B24100CEB4EA /* Sources */,
				2CD747E01AA6B24100CEB4EA /* Frameworks */,
				2CD747E11AA6B24100CEB4EA /* Resources */,
			);
			buildRules = (
			);
			dependencies = (
			);
			name = screenShotDemo;
			productName = screenShotDemo;
			productReference = 2CD747E31AA6B24100CEB4EA /* screenShotDemo.app */;
			productType = "com.apple.product-type.application";
		};
		2CD747F91AA6B24100CEB4EA /* screenShotDemoTests */ = {
			isa = PBXNativeTarget;
			buildConfigurationList = 2CD748071AA6B24100CEB4EA /* Build configuration list for PBXNativeTarget "screenShotDemoTests" */;
			buildPhases = (
				2CD747F61AA6B24100CEB4EA /* Sources */,
				2CD747F71AA6B24100CEB4EA /* Frameworks */,
				2CD747F81AA6B24100CEB4EA /* Resources */,
			);
			buildRules = (
			);
			dependencies = (
				2CD747FC1AA6B24100CEB4EA /* PBXTargetDependency */,
			);
			name = screenShotDemoTests;
			productName = screenShotDemoTests;
			productReference = 2CD747FA1AA6B24100CEB4EA /* screenShotDemoTests.xctest */;
			productType = "com.apple.product-type.bundle.unit-test";
		};
/* End PBXNativeTarget section */

/* Begin PBXProject section */
		2CD747DB1AA6B24100CEB4EA /* Project object */ = {
			isa = PBXProject;
			attributes = {
				LastUpgradeCheck = 0610;
				ORGANIZATIONNAME = Emiaostein;
				TargetAttributes = {
					2CD747E21AA6B24100CEB4EA = {
						CreatedOnToolsVersion = 6.1.1;
					};
					2CD747F91AA6B24100CEB4EA = {
						CreatedOnToolsVersion = 6.1.1;
						TestTargetID = 2CD747E21AA6B24100CEB4EA;
					};
				};
			};
			buildConfigurationList = 2CD747DE1AA6B24100CEB4EA /* Build configuration list for PBXProject "screenShotDemo" */;
			compatibilityVersion = "Xcode 3.2";
			developmentRegion = English;
			hasScannedForEncodings = 0;
			knownRegions = (
				en,
				Base,
			);
			mainGroup = 2CD747DA1AA6B24100CEB4EA;
			productRefGroup = 2CD747E41AA6B24100CEB4EA /* Products */;
			projectDirPath = "";
			projectRoot = "";
			targets = (
				2CD747E21AA6B24100CEB4EA /* screenShotDemo */,
				2CD747F91AA6B24100CEB4EA /* screenShotDemoTests */,
			);
		};
/* End PBXProject section */

/* Begin PBXResourcesBuildPhase section */
		2CD747E11AA6B24100CEB4EA /* Resources */ = {
			isa = PBXResourcesBuildPhase;
			buildActionMask = 2147483647;
			files = (
				2CD747F01AA6B24100CEB4EA /* Main.storyboard in Resources */,
				2CD747F51AA6B24100CEB4EA /* LaunchScreen.xib in Resources */,
				2CD747F21AA6B24100CEB4EA /* Images.xcassets in Resources */,
			);
			runOnlyForDeploymentPostprocessing = 0;
		};
		2CD747F81AA6B24100CEB4EA /* Resources */ = {
			isa = PBXResourcesBuildPhase;
			buildActionMask = 2147483647;
			files = (
			);
			runOnlyForDeploymentPostprocessing = 0;
		};
/* End PBXResourcesBuildPhase section */

/* Begin PBXSourcesBuildPhase section */
		2CD747DF1AA6B24100CEB4EA /* Sources */ = {
			isa = PBXSourcesBuildPhase;
			buildActionMask = 2147483647;
			files = (
				2CD747ED1AA6B24100CEB4EA /* DetailViewController.swift in Sources */,
				2CD7480B1AA6B4DE00CEB4EA /* NormalScreenShotViewController.swift in Sources */,
				2CD747EB1AA6B24100CEB4EA /* MasterViewController.swift in Sources */,
				2CD747E91AA6B24100CEB4EA /* AppDelegate.swift in Sources */,
				2CD7480E1AA6FDCC00CEB4EA /* TableSnapshotViewController.swift in Sources */,
			);
			runOnlyForDeploymentPostprocessing = 0;
		};
		2CD747F61AA6B24100CEB4EA /* Sources */ = {
			isa = PBXSourcesBuildPhase;
			buildActionMask = 2147483647;
			files = (
				2CD748011AA6B24100CEB4EA /* screenShotDemoTests.swift in Sources */,
			);
			runOnlyForDeploymentPostprocessing = 0;
		};
/* End PBXSourcesBuildPhase section */

/* Begin PBXTargetDependency section */
		2CD747FC1AA6B24100CEB4EA /* PBXTargetDependency */ = {
			isa = PBXTargetDependency;
			target = 2CD747E21AA6B24100CEB4EA /* screenShotDemo */;
			targetProxy = 2CD747FB1AA6B24100CEB4EA /* PBXContainerItemProxy */;
		};
/* End PBXTargetDependency section */

/* Begin PBXVariantGroup section */
		2CD747EE1AA6B24100CEB4EA /* Main.storyboard */ = {
			isa = PBXVariantGroup;
			children = (
				2CD747EF1AA6B24100CEB4EA /* Base */,
			);
			name = Main.storyboard;
			sourceTree = "<group>";
		};
		2CD747F31AA6B24100CEB4EA /* LaunchScreen.xib */ = {
			isa = PBXVariantGroup;
			children = (
				2CD747F41AA6B24100CEB4EA /* Base */,
			);
			name = LaunchScreen.xib;
			sourceTree = "<group>";
		};
/* End PBXVariantGroup section */

/* Begin XCBuildConfiguration section */
		2CD748021AA6B24100CEB4EA /* Debug */ = {
			isa = XCBuildConfiguration;
			buildSettings = {
				ALWAYS_SEARCH_USER_PATHS = NO;
				CLANG_CXX_LANGUAGE_STANDARD = "gnu++0x";
				CLANG_CXX_LIBRARY = "libc++";
				CLANG_ENABLE_MODULES = YES;
				CLANG_ENABLE_OBJC_ARC = YES;
				CLANG_WARN_BOOL_CONVERSION = YES;
				CLANG_WARN_CONSTANT_CONVERSION = YES;
				CLANG_WARN_DIRECT_OBJC_ISA_USAGE = YES_ERROR;
				CLANG_WARN_EMPTY_BODY = YES;
				CLANG_WARN_ENUM_CONVERSION = YES;
				CLANG_WARN_INT_CONVERSION = YES;
				CLANG_WARN_OBJC_ROOT_CLASS = YES_ERROR;
				CLANG_WARN_UNREACHABLE_CODE = YES;
				CLANG_WARN__DUPLICATE_METHOD_MATCH = YES;
				"CODE_SIGN_IDENTITY[sdk=iphoneos*]" = "iPhone Developer";
				COPY_PHASE_STRIP = NO;
				ENABLE_STRICT_OBJC_MSGSEND = YES;
				GCC_C_LANGUAGE_STANDARD = gnu99;
				GCC_DYNAMIC_NO_PIC = NO;
				GCC_OPTIMIZATION_LEVEL = 0;
				GCC_PREPROCESSOR_DEFINITIONS = (
					"DEBUG=1",
					"$(inherited)",
				);
				GCC_SYMBOLS_PRIVATE_EXTERN = NO;
				GCC_WARN_64_TO_32_BIT_CONVERSION = YES;
				GCC_WARN_ABOUT_RETURN_TYPE = YES_ERROR;
				GCC_WARN_UNDECLARED_SELECTOR = YES;
				GCC_WARN_UNINITIALIZED_AUTOS = YES_AGGRESSIVE;
				GCC_WARN_UNUSED_FUNCTION = YES;
				GCC_WARN_UNUSED_VARIABLE = YES;
				IPHONEOS_DEPLOYMENT_TARGET = 8.1;
				MTL_ENABLE_DEBUG_INFO = YES;
				ONLY_ACTIVE_ARCH = YES;
				SDKROOT = iphoneos;
				SWIFT_OPTIMIZATION_LEVEL = "-Onone";
				TARGETED_DEVICE_FAMILY = "1,2";
			};
			name = Debug;
		};
		2CD748031AA6B24100CEB4EA /* Release */ = {
			isa = XCBuildConfiguration;
			buildSettings = {
				ALWAYS_SEARCH_USER_PATHS = NO;
				CLANG_CXX_LANGUAGE_STANDARD = "gnu++0x";
				CLANG_CXX_LIBRARY = "libc++";
				CLANG_ENABLE_MODULES = YES;
				CLANG_ENABLE_OBJC_ARC = YES;
				CLANG_WARN_BOOL_CONVERSION = YES;
				CLANG_WARN_CONSTANT_CONVERSION = YES;
				CLANG_WARN_DIRECT_OBJC_ISA_USAGE = YES_ERROR;
				CLANG_WARN_EMPTY_BODY = YES;
				CLANG_WARN_ENUM_CONVERSION = YES;
				CLANG_WARN_INT_CONVERSION = YES;
				CLANG_WARN_OBJC_ROOT_CLASS = YES_ERROR;
				CLANG_WARN_UNREACHABLE_CODE = YES;
				CLANG_WARN__DUPLICATE_METHOD_MATCH = YES;
				"CODE_SIGN_IDENTITY[sdk=iphoneos*]" = "iPhone Developer";
				COPY_PHASE_STRIP = YES;
				ENABLE_NS_ASSERTIONS = NO;
				ENABLE_STRICT_OBJC_MSGSEND = YES;
				GCC_C_LANGUAGE_STANDARD = gnu99;
				GCC_WARN_64_TO_32_BIT_CONVERSION = YES;
				GCC_WARN_ABOUT_RETURN_TYPE = YES_ERROR;
				GCC_WARN_UNDECLARED_SELECTOR = YES;
				GCC_WARN_UNINITIALIZED_AUTOS = YES_AGGRESSIVE;
				GCC_WARN_UNUSED_FUNCTION = YES;
				GCC_WARN_UNUSED_VARIABLE = YES;
				IPHONEOS_DEPLOYMENT_TARGET = 8.1;
				MTL_ENABLE_DEBUG_INFO = NO;
				SDKROOT = iphoneos;
				TARGETED_DEVICE_FAMILY = "1,2";
				VALIDATE_PRODUCT = YES;
			};
			name = Release;
		};
		2CD748051AA6B24100CEB4EA /* Debug */ = {
			isa = XCBuildConfiguration;
			buildSettings = {
				ASSETCATALOG_COMPILER_APPICON_NAME = AppIcon;
				INFOPLIST_FILE = screenShotDemo/Info.plist;
				LD_RUNPATH_SEARCH_PATHS = "$(inherited) @executable_path/Frameworks";
				PRODUCT_NAME = "$(TARGET_NAME)";
			};
			name = Debug;
		};
		2CD748061AA6B24100CEB4EA /* Release */ = {
			isa = XCBuildConfiguration;
			buildSettings = {
				ASSETCATALOG_COMPILER_APPICON_NAME = AppIcon;
				INFOPLIST_FILE = screenShotDemo/Info.plist;
				LD_RUNPATH_SEARCH_PATHS = "$(inherited) @executable_path/Frameworks";
				PRODUCT_NAME = "$(TARGET_NAME)";
			};
			name = Release;
		};
		2CD748081AA6B24100CEB4EA /* Debug */ = {
			isa = XCBuildConfiguration;
			buildSettings = {
				BUNDLE_LOADER = "$(TEST_HOST)";
				FRAMEWORK_SEARCH_PATHS = (
					"$(SDKROOT)/Developer/Library/Frameworks",
					"$(inherited)",
				);
				GCC_PREPROCESSOR_DEFINITIONS = (
					"DEBUG=1",
					"$(inherited)",
				);
				INFOPLIST_FILE = screenShotDemoTests/Info.plist;
				LD_RUNPATH_SEARCH_PATHS = "$(inherited) @executable_path/Frameworks @loader_path/Frameworks";
				PRODUCT_NAME = "$(TARGET_NAME)";
				TEST_HOST = "$(BUILT_PRODUCTS_DIR)/screenShotDemo.app/screenShotDemo";
			};
			name = Debug;
		};
		2CD748091AA6B24100CEB4EA /* Release */ = {
			isa = XCBuildConfiguration;
			buildSettings = {
				BUNDLE_LOADER = "$(TEST_HOST)";
				FRAMEWORK_SEARCH_PATHS = (
					"$(SDKROOT)/Developer/Library/Frameworks",
					"$(inherited)",
				);
				INFOPLIST_FILE = screenShotDemoTests/Info.plist;
				LD_RUNPATH_SEARCH_PATHS = "$(inherited) @executable_path/Frameworks @loader_path/Frameworks";
				PRODUCT_NAME = "$(TARGET_NAME)";
				TEST_HOST = "$(BUILT_PRODUCTS_DIR)/screenShotDemo.app/screenShotDemo";
			};
			name = Release;
		};
/* End XCBuildConfiguration section */

/* Begin XCConfigurationList section */
		2CD747DE1AA6B24100CEB4EA /* Build configuration list for PBXProject "screenShotDemo" */ = {
			isa = XCConfigurationList;
			buildConfigurations = (
				2CD748021AA6B24100CEB4EA /* Debug */,
				2CD748031AA6B24100CEB4EA /* Release */,
			);
			defaultConfigurationIsVisible = 0;
			defaultConfigurationName = Release;
		};
		2CD748041AA6B24100CEB4EA /* Build configuration list for PBXNativeTarget "screenShotDemo" */ = {
			isa = XCConfigurationList;
			buildConfigurations = (
				2CD748051AA6B24100CEB4EA /* Debug */,
				2CD748061AA6B24100CEB4EA /* Release */,
			);
			defaultConfigurationIsVisible = 0;
		};
		2CD748071AA6B24100CEB4EA /* Build configuration list for PBXNativeTarget "screenShotDemoTests" */ = {
			isa = XCConfigurationList;
			buildConfigurations = (
				2CD748081AA6B24100CEB4EA /* Debug */,
				2CD748091AA6B24100CEB4EA /* Release */,
			);
			defaultConfigurationIsVisible = 0;
		};
/* End XCConfigurationList section */
	};
	rootObject = 2CD747DB1AA6B24100CEB4EA /* Project object */;
}
