// !$*UTF8*$!
{
	archiveVersion = 1;
	classes = {
	};
	objectVersion = 46;
	objects = {

/* Begin PBXBuildFile section */
		2C207DF31A75D94400560809 /* AppDelegate.swift in Sources */ = {isa = PBXBuildFile; fileRef = 2C207DF21A75D94400560809 /* AppDelegate.swift */; };
		2C207DF51A75D94400560809 /* ViewController.swift in Sources */ = {isa = PBXBuildFile; fileRef = 2C207DF41A75D94400560809 /* ViewController.swift */; };
		2C207DF81A75D94400560809 /* Main.storyboard in Resources */ = {isa = PBXBuildFile; fileRef = 2C207DF61A75D94400560809 /* Main.storyboard */; };
		2C207DFA1A75D94400560809 /* Images.xcassets in Resources */ = {isa = PBXBuildFile; fileRef = 2C207DF91A75D94400560809 /* Images.xcassets */; };
		2C207DFD1A75D94400560809 /* LaunchScreen.xib in Resources */ = {isa = PBXBuildFile; fileRef = 2C207DFB1A75D94400560809 /* LaunchScreen.xib */; };
		2C207E091A75D94400560809 /* TextKitTests.swift in Sources */ = {isa = PBXBuildFile; fileRef = 2C207E081A75D94400560809 /* TextKitTests.swift */; };
		2C207E131A75E89A00560809 /* TimeIndicatorView.swift in Sources */ = {isa = PBXBuildFile; fileRef = 2C207E121A75E89A00560809 /* TimeIndicatorView.swift */; };
/* End PBXBuildFile section */

/* Begin PBXContainerItemProxy section */
		2C207E031A75D94400560809 /* PBXContainerItemProxy */ = {
			isa = PBXContainerItemProxy;
			containerPortal = 2C207DE51A75D94400560809 /* Project object */;
			proxyType = 1;
			remoteGlobalIDString = 2C207DEC1A75D94400560809;
			remoteInfo = TextKit;
		};
/* End PBXContainerItemProxy section */

/* Begin PBXFileReference section */
		2C207DED1A75D94400560809 /* TextKit.app */ = {isa = PBXFileReference; explicitFileType = wrapper.application; includeInIndex = 0; path = TextKit.app; sourceTree = BUILT_PRODUCTS_DIR; };
		2C207DF11A75D94400560809 /* Info.plist */ = {isa = PBXFileReference; lastKnownFileType = text.plist.xml; path = Info.plist; sourceTree = "<group>"; };
		2C207DF21A75D94400560809 /* AppDelegate.swift */ = {isa = PBXFileReference; lastKnownFileType = sourcecode.swift; path = AppDelegate.swift; sourceTree = "<group>"; };
		2C207DF41A75D94400560809 /* ViewController.swift */ = {isa = PBXFileReference; lastKnownFileType = sourcecode.swift; path = ViewController.swift; sourceTree = "<group>"; };
		2C207DF71A75D94400560809 /* Base */ = {isa = PBXFileReference; lastKnownFileType = file.storyboard; name = Base; path = Base.lproj/Main.storyboard; sourceTree = "<group>"; };
		2C207DF91A75D94400560809 /* Images.xcassets */ = {isa = PBXFileReference; lastKnownFileType = folder.assetcatalog; path = Images.xcassets; sourceTree = "<group>"; };
		2C207DFC1A75D94400560809 /* Base */ = {isa = PBXFileReference; lastKnownFileType = file.xib; name = Base; path = Base.lproj/LaunchScreen.xib; sourceTree = "<group>"; };
		2C207E021A75D94400560809 /* TextKitTests.xctest */ = {isa = PBXFileReference; explicitFileType = wrapper.cfbundle; includeInIndex = 0; path = TextKitTests.xctest; sourceTree = BUILT_PRODUCTS_DIR; };
		2C207E071A75D94400560809 /* Info.plist */ = {isa = PBXFileReference; lastKnownFileType = text.plist.xml; path = Info.plist; sourceTree = "<group>"; };
		2C207E081A75D94400560809 /* TextKitTests.swift */ = {isa = PBXFileReference; lastKnownFileType = sourcecode.swift; path = TextKitTests.swift; sourceTree = "<group>"; };
		2C207E121A75E89A00560809 /* TimeIndicatorView.swift */ = {isa = PBXFileReference; fileEncoding = 4; lastKnownFileType = sourcecode.swift; path = TimeIndicatorView.swift; sourceTree = "<group>"; };
/* End PBXFileReference section */

/* Begin PBXFrameworksBuildPhase section */
		2C207DEA1A75D94400560809 /* Frameworks */ = {
			isa = PBXFrameworksBuildPhase;
			buildActionMask = 2147483647;
			files = (
			);
			runOnlyForDeploymentPostprocessing = 0;
		};
		2C207DFF1A75D94400560809 /* Frameworks */ = {
			isa = PBXFrameworksBuildPhase;
			buildActionMask = 2147483647;
			files = (
			);
			runOnlyForDeploymentPostprocessing = 0;
		};
/* End PBXFrameworksBuildPhase section */

/* Begin PBXGroup section */
		2C207DE41A75D94400560809 = {
			isa = PBXGroup;
			children = (
				2C207DEF1A75D94400560809 /* TextKit */,
				2C207E051A75D94400560809 /* TextKitTests */,
				2C207DEE1A75D94400560809 /* Products */,
			);
			sourceTree = "<group>";
		};
		2C207DEE1A75D94400560809 /* Products */ = {
			isa = PBXGroup;
			children = (
				2C207DED1A75D94400560809 /* TextKit.app */,
				2C207E021A75D94400560809 /* TextKitTests.xctest */,
			);
			name = Products;
			sourceTree = "<group>";
		};
		2C207DEF1A75D94400560809 /* TextKit */ = {
			isa = PBXGroup;
			children = (
				2C207E121A75E89A00560809 /* TimeIndicatorView.swift */,
				2C207DF21A75D94400560809 /* AppDelegate.swift */,
				2C207DF41A75D94400560809 /* ViewController.swift */,
				2C207DF61A75D94400560809 /* Main.storyboard */,
				2C207DF91A75D94400560809 /* Images.xcassets */,
				2C207DFB1A75D94400560809 /* LaunchScreen.xib */,
				2C207DF01A75D94400560809 /* Supporting Files */,
			);
			path = TextKit;
			sourceTree = "<group>";
		};
		2C207DF01A75D94400560809 /* Supporting Files */ = {
			isa = PBXGroup;
			children = (
				2C207DF11A75D94400560809 /* Info.plist */,
			);
			name = "Supporting Files";
			sourceTree = "<group>";
		};
		2C207E051A75D94400560809 /* TextKitTests */ = {
			isa = PBXGroup;
			children = (
				2C207E081A75D94400560809 /* TextKitTests.swift */,
				2C207E061A75D94400560809 /* Supporting Files */,
			);
			path = TextKitTests;
			sourceTree = "<group>";
		};
		2C207E061A75D94400560809 /* Supporting Files */ = {
			isa = PBXGroup;
			children = (
				2C207E071A75D94400560809 /* Info.plist */,
			);
			name = "Supporting Files";
			sourceTree = "<group>";
		};
/* End PBXGroup section */

/* Begin PBXNativeTarget section */
		2C207DEC1A75D94400560809 /* TextKit */ = {
			isa = PBXNativeTarget;
			buildConfigurationList = 2C207E0C1A75D94400560809 /* Build configuration list for PBXNativeTarget "TextKit" */;
			buildPhases = (
				2C207DE91A75D94400560809 /* Sources */,
				2C207DEA1A75D94400560809 /* Frameworks */,
				2C207DEB1A75D94400560809 /* Resources */,
			);
			buildRules = (
			);
			dependencies = (
			);
			name = TextKit;
			productName = TextKit;
			productReference = 2C207DED1A75D94400560809 /* TextKit.app */;
			productType = "com.apple.product-type.application";
		};
		2C207E011A75D94400560809 /* TextKitTests */ = {
			isa = PBXNativeTarget;
			buildConfigurationList = 2C207E0F1A75D94400560809 /* Build configuration list for PBXNativeTarget "TextKitTests" */;
			buildPhases = (
				2C207DFE1A75D94400560809 /* Sources */,
				2C207DFF1A75D94400560809 /* Frameworks */,
				2C207E001A75D94400560809 /* Resources */,
			);
			buildRules = (
			);
			dependencies = (
				2C207E041A75D94400560809 /* PBXTargetDependency */,
			);
			name = TextKitTests;
			productName = TextKitTests;
			productReference = 2C207E021A75D94400560809 /* TextKitTests.xctest */;
			productType = "com.apple.product-type.bundle.unit-test";
		};
/* End PBXNativeTarget section */

/* Begin PBXProject section */
		2C207DE51A75D94400560809 /* Project object */ = {
			isa = PBXProject;
			attributes = {
				LastUpgradeCheck = 0610;
				ORGANIZATIONNAME = Emiaostein;
				TargetAttributes = {
					2C207DEC1A75D94400560809 = {
						CreatedOnToolsVersion = 6.1.1;
					};
					2C207E011A75D94400560809 = {
						CreatedOnToolsVersion = 6.1.1;
						TestTargetID = 2C207DEC1A75D94400560809;
					};
				};
			};
			buildConfigurationList = 2C207DE81A75D94400560809 /* Build configuration list for PBXProject "TextKit" */;
			compatibilityVersion = "Xcode 3.2";
			developmentRegion = English;
			hasScannedForEncodings = 0;
			knownRegions = (
				en,
				Base,
			);
			mainGroup = 2C207DE41A75D94400560809;
			productRefGroup = 2C207DEE1A75D94400560809 /* Products */;
			projectDirPath = "";
			projectRoot = "";
			targets = (
				2C207DEC1A75D94400560809 /* TextKit */,
				2C207E011A75D94400560809 /* TextKitTests */,
			);
		};
/* End PBXProject section */

/* Begin PBXResourcesBuildPhase section */
		2C207DEB1A75D94400560809 /* Resources */ = {
			isa = PBXResourcesBuildPhase;
			buildActionMask = 2147483647;
			files = (
				2C207DF81A75D94400560809 /* Main.storyboard in Resources */,
				2C207DFD1A75D94400560809 /* LaunchScreen.xib in Resources */,
				2C207DFA1A75D94400560809 /* Images.xcassets in Resources */,
			);
			runOnlyForDeploymentPostprocessing = 0;
		};
		2C207E001A75D94400560809 /* Resources */ = {
			isa = PBXResourcesBuildPhase;
			buildActionMask = 2147483647;
			files = (
			);
			runOnlyForDeploymentPostprocessing = 0;
		};
/* End PBXResourcesBuildPhase section */

/* Begin PBXSourcesBuildPhase section */
		2C207DE91A75D94400560809 /* Sources */ = {
			isa = PBXSourcesBuildPhase;
			buildActionMask = 2147483647;
			files = (
				2C207DF51A75D94400560809 /* ViewController.swift in Sources */,
				2C207DF31A75D94400560809 /* AppDelegate.swift in Sources */,
				2C207E131A75E89A00560809 /* TimeIndicatorView.swift in Sources */,
			);
			runOnlyForDeploymentPostprocessing = 0;
		};
		2C207DFE1A75D94400560809 /* Sources */ = {
			isa = PBXSourcesBuildPhase;
			buildActionMask = 2147483647;
			files = (
				2C207E091A75D94400560809 /* TextKitTests.swift in Sources */,
			);
			runOnlyForDeploymentPostprocessing = 0;
		};
/* End PBXSourcesBuildPhase section */

/* Begin PBXTargetDependency section */
		2C207E041A75D94400560809 /* PBXTargetDependency */ = {
			isa = PBXTargetDependency;
			target = 2C207DEC1A75D94400560809 /* TextKit */;
			targetProxy = 2C207E031A75D94400560809 /* PBXContainerItemProxy */;
		};
/* End PBXTargetDependency section */

/* Begin PBXVariantGroup section */
		2C207DF61A75D94400560809 /* Main.storyboard */ = {
			isa = PBXVariantGroup;
			children = (
				2C207DF71A75D94400560809 /* Base */,
			);
			name = Main.storyboard;
			sourceTree = "<group>";
		};
		2C207DFB1A75D94400560809 /* LaunchScreen.xib */ = {
			isa = PBXVariantGroup;
			children = (
				2C207DFC1A75D94400560809 /* Base */,
			);
			name = LaunchScreen.xib;
			sourceTree = "<group>";
		};
/* End PBXVariantGroup section */

/* Begin XCBuildConfiguration section */
		2C207E0A1A75D94400560809 /* Debug */ = {
			isa = XCBuildConfiguration;
			buildSettings = {
				ALWAYS_SEARCH_USER_PATHS = NO;
				CLANG_CXX_LANGUAGE_STANDARD = "gnu++0x";
				CLANG_CXX_LIBRARY = "libc++";
				CLANG_ENABLE_MODULES = YES;
				CLANG_ENABLE_OBJC_ARC = YES;
				CLANG_WARN_BOOL_CONVERSION = YES;
				CLANG_WARN_CONSTANT_CONVERSION = YES;
				CLANG_WARN_DIRECT_OBJC_ISA_USAGE = YES_ERROR;
				CLANG_WARN_EMPTY_BODY = YES;
				CLANG_WARN_ENUM_CONVERSION = YES;
				CLANG_WARN_INT_CONVERSION = YES;
				CLANG_WARN_OBJC_ROOT_CLASS = YES_ERROR;
				CLANG_WARN_UNREACHABLE_CODE = YES;
				CLANG_WARN__DUPLICATE_METHOD_MATCH = YES;
				"CODE_SIGN_IDENTITY[sdk=iphoneos*]" = "iPhone Developer";
				COPY_PHASE_STRIP = NO;
				ENABLE_STRICT_OBJC_MSGSEND = YES;
				GCC_C_LANGUAGE_STANDARD = gnu99;
				GCC_DYNAMIC_NO_PIC = NO;
				GCC_OPTIMIZATION_LEVEL = 0;
				GCC_PREPROCESSOR_DEFINITIONS = (
					"DEBUG=1",
					"$(inherited)",
				);
				GCC_SYMBOLS_PRIVATE_EXTERN = NO;
				GCC_WARN_64_TO_32_BIT_CONVERSION = YES;
				GCC_WARN_ABOUT_RETURN_TYPE = YES_ERROR;
				GCC_WARN_UNDECLARED_SELECTOR = YES;
				GCC_WARN_UNINITIALIZED_AUTOS = YES_AGGRESSIVE;
				GCC_WARN_UNUSED_FUNCTION = YES;
				GCC_WARN_UNUSED_VARIABLE = YES;
				IPHONEOS_DEPLOYMENT_TARGET = 8.1;
				MTL_ENABLE_DEBUG_INFO = YES;
				ONLY_ACTIVE_ARCH = YES;
				SDKROOT = iphoneos;
				SWIFT_OPTIMIZATION_LEVEL = "-Onone";
				TARGETED_DEVICE_FAMILY = "1,2";
			};
			name = Debug;
		};
		2C207E0B1A75D94400560809 /* Release */ = {
			isa = XCBuildConfiguration;
			buildSettings = {
				ALWAYS_SEARCH_USER_PATHS = NO;
				CLANG_CXX_LANGUAGE_STANDARD = "gnu++0x";
				CLANG_CXX_LIBRARY = "libc++";
				CLANG_ENABLE_MODULES = YES;
				CLANG_ENABLE_OBJC_ARC = YES;
				CLANG_WARN_BOOL_CONVERSION = YES;
				CLANG_WARN_CONSTANT_CONVERSION = YES;
				CLANG_WARN_DIRECT_OBJC_ISA_USAGE = YES_ERROR;
				CLANG_WARN_EMPTY_BODY = YES;
				CLANG_WARN_ENUM_CONVERSION = YES;
				CLANG_WARN_INT_CONVERSION = YES;
				CLANG_WARN_OBJC_ROOT_CLASS = YES_ERROR;
				CLANG_WARN_UNREACHABLE_CODE = YES;
				CLANG_WARN__DUPLICATE_METHOD_MATCH = YES;
				"CODE_SIGN_IDENTITY[sdk=iphoneos*]" = "iPhone Developer";
				COPY_PHASE_STRIP = YES;
				ENABLE_NS_ASSERTIONS = NO;
				ENABLE_STRICT_OBJC_MSGSEND = YES;
				GCC_C_LANGUAGE_STANDARD = gnu99;
				GCC_WARN_64_TO_32_BIT_CONVERSION = YES;
				GCC_WARN_ABOUT_RETURN_TYPE = YES_ERROR;
				GCC_WARN_UNDECLARED_SELECTOR = YES;
				GCC_WARN_UNINITIALIZED_AUTOS = YES_AGGRESSIVE;
				GCC_WARN_UNUSED_FUNCTION = YES;
				GCC_WARN_UNUSED_VARIABLE = YES;
				IPHONEOS_DEPLOYMENT_TARGET = 8.1;
				MTL_ENABLE_DEBUG_INFO = NO;
				SDKROOT = iphoneos;
				TARGETED_DEVICE_FAMILY = "1,2";
				VALIDATE_PRODUCT = YES;
			};
			name = Release;
		};
		2C207E0D1A75D94400560809 /* Debug */ = {
			isa = XCBuildConfiguration;
			buildSettings = {
				ASSETCATALOG_COMPILER_APPICON_NAME = AppIcon;
				INFOPLIST_FILE = TextKit/Info.plist;
				LD_RUNPATH_SEARCH_PATHS = "$(inherited) @executable_path/Frameworks";
				PRODUCT_NAME = "$(TARGET_NAME)";
			};
			name = Debug;
		};
		2C207E0E1A75D94400560809 /* Release */ = {
			isa = XCBuildConfiguration;
			buildSettings = {
				ASSETCATALOG_COMPILER_APPICON_NAME = AppIcon;
				INFOPLIST_FILE = TextKit/Info.plist;
				LD_RUNPATH_SEARCH_PATHS = "$(inherited) @executable_path/Frameworks";
				PRODUCT_NAME = "$(TARGET_NAME)";
			};
			name = Release;
		};
		2C207E101A75D94400560809 /* Debug */ = {
			isa = XCBuildConfiguration;
			buildSettings = {
				BUNDLE_LOADER = "$(TEST_HOST)";
				FRAMEWORK_SEARCH_PATHS = (
					"$(SDKROOT)/Developer/Library/Frameworks",
					"$(inherited)",
				);
				GCC_PREPROCESSOR_DEFINITIONS = (
					"DEBUG=1",
					"$(inherited)",
				);
				INFOPLIST_FILE = TextKitTests/Info.plist;
				LD_RUNPATH_SEARCH_PATHS = "$(inherited) @executable_path/Frameworks @loader_path/Frameworks";
				PRODUCT_NAME = "$(TARGET_NAME)";
				TEST_HOST = "$(BUILT_PRODUCTS_DIR)/TextKit.app/TextKit";
			};
			name = Debug;
		};
		2C207E111A75D94400560809 /* Release */ = {
			isa = XCBuildConfiguration;
			buildSettings = {
				BUNDLE_LOADER = "$(TEST_HOST)";
				FRAMEWORK_SEARCH_PATHS = (
					"$(SDKROOT)/Developer/Library/Frameworks",
					"$(inherited)",
				);
				INFOPLIST_FILE = TextKitTests/Info.plist;
				LD_RUNPATH_SEARCH_PATHS = "$(inherited) @executable_path/Frameworks @loader_path/Frameworks";
				PRODUCT_NAME = "$(TARGET_NAME)";
				TEST_HOST = "$(BUILT_PRODUCTS_DIR)/TextKit.app/TextKit";
			};
			name = Release;
		};
/* End XCBuildConfiguration section */

/* Begin XCConfigurationList section */
		2C207DE81A75D94400560809 /* Build configuration list for PBXProject "TextKit" */ = {
			isa = XCConfigurationList;
			buildConfigurations = (
				2C207E0A1A75D94400560809 /* Debug */,
				2C207E0B1A75D94400560809 /* Release */,
			);
			defaultConfigurationIsVisible = 0;
			defaultConfigurationName = Release;
		};
		2C207E0C1A75D94400560809 /* Build configuration list for PBXNativeTarget "TextKit" */ = {
			isa = XCConfigurationList;
			buildConfigurations = (
				2C207E0D1A75D94400560809 /* Debug */,
				2C207E0E1A75D94400560809 /* Release */,
			);
			defaultConfigurationIsVisible = 0;
		};
		2C207E0F1A75D94400560809 /* Build configuration list for PBXNativeTarget "TextKitTests" */ = {
			isa = XCConfigurationList;
			buildConfigurations = (
				2C207E101A75D94400560809 /* Debug */,
				2C207E111A75D94400560809 /* Release */,
			);
			defaultConfigurationIsVisible = 0;
		};
/* End XCConfigurationList section */
	};
	rootObject = 2C207DE51A75D94400560809 /* Project object */;
}
